# This file is automatically @generated by Poetry 2.1.1 and should not be changed by hand.

[[package]]
name = "multiobjective-lp"
version = "0.0.6"
description = "Implementation of multi objective linear programming module"
optional = false
python-versions = ">=3.11,<3.13"
groups = ["main"]
files = [
    {file = "multiobjective_lp-0.0.6-py3-none-any.whl", hash = "sha256:4a6e3ec4f49810ca5ce03b4ba5fbcbe21a5266bf12231e7842a75b89d54d4020"},
    {file = "multiobjective_lp-0.0.6.tar.gz", hash = "sha256:4ea39103a9701d9770b99b33b597ae561ec57639c991e4f1245239c62de90f6c"},
]

[package.dependencies]
pulp = "2.9.0"

[package.source]
type = "legacy"
url = "https://test.pypi.org/simple"
reference = "test"

[[package]]
name = "pulp"
version = "2.9.0"
description = "PuLP is an LP modeler written in python. PuLP can generate MPS or LP files and call GLPK, COIN CLP/CBC, CPLEX, and GUROBI to solve linear problems."
optional = false
python-versions = ">=3.7"
groups = ["main"]
files = [
    {file = "PuLP-2.9.0-py3-none-any.whl", hash = "sha256:ad6a9b566d8458f4d05f4bfe2cea59e32885dd1da6929a361be579222107987c"},
    {file = "pulp-2.9.0.tar.gz", hash = "sha256:2e30e6c0ef2c0edac185220e3e53faca62eb786a9bd68465208f05bc63e850f3"},
]

[package.source]
type = "legacy"
url = "https://test.pypi.org/simple"
reference = "test"

[metadata]
lock-version = "2.1"
python-versions = ">=3.11,<3.13"
content-hash = "01e745f414cdc3a993583183caa4d64f59dbfc0427475036e9889ed953ef3cd7"
