# This file is automatically @generated by Poetry 2.1.1 and should not be changed by hand.

[[package]]
name = "muoblp"
version = "1.0.1"
description = "Implementation of multi objective linear programming module"
optional = false
python-versions = ">=3.11"
groups = ["main"]
files = [
    {file = "muoblp-1.0.1-py3-none-any.whl", hash = "sha256:0239a9a763206a64347e7a2ec70cda37d359358e5e64651fd92792bae2bc278c"},
    {file = "muoblp-1.0.1.tar.gz", hash = "sha256:6ecb65ea8e6ec64a140746c3448e01fcf97559baed4efc47b159e131faae37f8"},
]

[package.dependencies]
pulp = "2.9.0"

[[package]]
name = "muoblpbindings"
version = "0.0.13"
description = ""
optional = false
python-versions = ">=3.11"
groups = ["main"]
files = [
    {file = "muoblpbindings-0.0.13-cp311-cp311-macosx_10_9_x86_64.whl", hash = "sha256:bb43d457edd19ad04a88110b356e3476ddf9cb39e09e008b7cdda78a24fa3fbe"},
    {file = "muoblpbindings-0.0.13-cp311-cp311-macosx_11_0_arm64.whl", hash = "sha256:95d099c1a9b5dc09033f2b1600c6bdb0b3a0c82547c645254d9a2dc82e7be66d"},
    {file = "muoblpbindings-0.0.13-cp311-cp311-manylinux_2_17_i686.manylinux2014_i686.whl", hash = "sha256:ad9e28c632ae31ad58edbb6d7fc9e3b30e1b03225656008cc251d22acb71b82e"},
    {file = "muoblpbindings-0.0.13-cp311-cp311-manylinux_2_17_x86_64.manylinux2014_x86_64.whl", hash = "sha256:0c0a193fbed9bea5c2c8f23cd7476cc72e024105d2c6db1d82f97a6cb529afb3"},
    {file = "muoblpbindings-0.0.13-cp311-cp311-musllinux_1_2_i686.whl", hash = "sha256:76de91a8b99c99cbdf8aa673b4546f42fc418d519a42ccfe769dee460b454313"},
    {file = "muoblpbindings-0.0.13-cp311-cp311-musllinux_1_2_x86_64.whl", hash = "sha256:8488c49a00855e535b562306788728fa32724b2f33c838312d22039f28df1090"},
    {file = "muoblpbindings-0.0.13-cp311-cp311-win32.whl", hash = "sha256:251fc99e3a2b923e9a060b52fd2956efa00ba5f01aca0717d7b2c849bb02bd84"},
    {file = "muoblpbindings-0.0.13-cp311-cp311-win_amd64.whl", hash = "sha256:f75ef617c3e6dddcc3f9c2c0b2c96804a9e2aa66d1ce5e1641cf1f62f05d9402"},
    {file = "muoblpbindings-0.0.13-cp311-cp311-win_arm64.whl", hash = "sha256:2d33b854666010828cfbd9b9668c04ff6a73f67258957790d15289dd8204064d"},
    {file = "muoblpbindings-0.0.13-cp312-cp312-macosx_10_13_x86_64.whl", hash = "sha256:d6794104c76f4c2fd7c10e96d67eeff05bf3bed5ac04e9940fdb74cdd1d9ace2"},
    {file = "muoblpbindings-0.0.13-cp312-cp312-macosx_11_0_arm64.whl", hash = "sha256:25eaec5280104575ffa4a8c4e4e10d8ee9293a360642e0944519fb47b5f54092"},
    {file = "muoblpbindings-0.0.13-cp312-cp312-manylinux_2_17_i686.manylinux2014_i686.whl", hash = "sha256:02ae4b7504f0c630de0ae297fe0d5af09d071d87a12ad7d4b0834b6e693bbd2b"},
    {file = "muoblpbindings-0.0.13-cp312-cp312-manylinux_2_17_x86_64.manylinux2014_x86_64.whl", hash = "sha256:ecf7d0679bd75f64dd44956da06ea5d2c6b59118ea4a20b6cd9dae8880e797f2"},
    {file = "muoblpbindings-0.0.13-cp312-cp312-musllinux_1_2_i686.whl", hash = "sha256:42ec07afcdf84fd31ececc7cf176f53665d589a80d097a0bb707297e7334ec10"},
    {file = "muoblpbindings-0.0.13-cp312-cp312-musllinux_1_2_x86_64.whl", hash = "sha256:44189253c346df920a20ca0374fdfb4aef8e347c90cead6fad4ab8330582116b"},
    {file = "muoblpbindings-0.0.13-cp312-cp312-win32.whl", hash = "sha256:baef4cbc2bc31136a04179cf5293fa61fdf00f579df4b5fa3ae581368e0a8068"},
    {file = "muoblpbindings-0.0.13-cp312-cp312-win_amd64.whl", hash = "sha256:f08ae890ebb461c959a019158ed7872f1085ce553779b0950478472b36f8dc8b"},
    {file = "muoblpbindings-0.0.13-cp312-cp312-win_arm64.whl", hash = "sha256:ece970e9fe63b00f2587a17762c9889ece94710cfea359373456d9d979000a32"},
    {file = "muoblpbindings-0.0.13-cp313-cp313-macosx_10_13_x86_64.whl", hash = "sha256:07eac5e5d8a8f62743e3991fc3b37cdc17ce953e2c0e1f32d36b3191077a748d"},
    {file = "muoblpbindings-0.0.13-cp313-cp313-macosx_11_0_arm64.whl", hash = "sha256:4aaf99e4e07f34061a7a5aabc04704866115e023d266545b302c3ea5eeee4d82"},
    {file = "muoblpbindings-0.0.13-cp313-cp313-manylinux_2_17_i686.manylinux2014_i686.whl", hash = "sha256:a2eb0f9800740abb9fbaea987c3ba9e4961bbadab6ea7c48e371b1b893b098f7"},
    {file = "muoblpbindings-0.0.13-cp313-cp313-manylinux_2_17_x86_64.manylinux2014_x86_64.whl", hash = "sha256:dad0393884b7c50dd730e62bfc087cc83664ee8507391e3475ad7d9cb02dcf73"},
    {file = "muoblpbindings-0.0.13-cp313-cp313-musllinux_1_2_i686.whl", hash = "sha256:16c7ee4b087e7ebf05fc5eca40e861658d87171d16f461bd897144e6f4b46c92"},
    {file = "muoblpbindings-0.0.13-cp313-cp313-musllinux_1_2_x86_64.whl", hash = "sha256:b46f83401d4e27df50c3f8d8513b0ffda24b5f3fc1781330532d71183d9cefb0"},
    {file = "muoblpbindings-0.0.13-cp313-cp313-win32.whl", hash = "sha256:47a85e21cee7465a4f10e413d249f0477e28895338c736f031f749614a13c58b"},
    {file = "muoblpbindings-0.0.13-cp313-cp313-win_amd64.whl", hash = "sha256:9c8a28d6028dec74ab1806e00d791f666781148327ce09a902242928dfe60b03"},
    {file = "muoblpbindings-0.0.13-cp313-cp313-win_arm64.whl", hash = "sha256:330ca63c9a3790d26e7f2218742247594de2326eb15bd175b5dc489694e8252b"},
    {file = "muoblpbindings-0.0.13-pp311-pypy311_pp73-macosx_10_15_x86_64.whl", hash = "sha256:05b39487b3d28a4bd83a114de2c3836ddd3209c939ebd59dd03ac06362b915c5"},
    {file = "muoblpbindings-0.0.13-pp311-pypy311_pp73-macosx_11_0_arm64.whl", hash = "sha256:f476afe52e85bcb1383f89a5fb86fe1383de2a684836ddae8bb971c00fc62a37"},
    {file = "muoblpbindings-0.0.13-pp311-pypy311_pp73-manylinux_2_17_i686.manylinux2014_i686.whl", hash = "sha256:754995b5c41dd1c2bf4ea8fdc3dc50b7cf2dc96700fc68bb94a5d89fb791289d"},
    {file = "muoblpbindings-0.0.13-pp311-pypy311_pp73-manylinux_2_17_x86_64.manylinux2014_x86_64.whl", hash = "sha256:301d59d1e947df17421f898a3966484d8ecba7940e8e05c4fba9794505c28ace"},
    {file = "muoblpbindings-0.0.13-pp311-pypy311_pp73-win_amd64.whl", hash = "sha256:9301f2894476431576217e716b15a81f70e0916810f2a7ab7d41123904506c65"},
    {file = "muoblpbindings-0.0.13.tar.gz", hash = "sha256:8d5b6d8cdfaac1e2f7883f9b8f2323a3b9e617f310ccd0fd912c1888394df220"},
]

[[package]]
name = "pulp"
version = "2.9.0"
description = "PuLP is an LP modeler written in python. PuLP can generate MPS or LP files and call GLPK, COIN CLP/CBC, CPLEX, and GUROBI to solve linear problems."
optional = false
python-versions = ">=3.7"
groups = ["main"]
files = [
    {file = "PuLP-2.9.0-py3-none-any.whl", hash = "sha256:ad6a9b566d8458f4d05f4bfe2cea59e32885dd1da6929a361be579222107987c"},
    {file = "pulp-2.9.0.tar.gz", hash = "sha256:2e30e6c0ef2c0edac185220e3e53faca62eb786a9bd68465208f05bc63e850f3"},
]

[metadata]
lock-version = "2.1"
python-versions = ">=3.11"
content-hash = "160adce9ad995bbeb18b8f9f5c0d6768b86cdb8ad3e9cbe3656a8fe9140ffc92"
