# This file is automatically @generated by Poetry 2.1.1 and should not be changed by hand.

[[package]]
name = "cffi"
version = "1.17.1"
description = "Foreign Function Interface for Python calling C code."
optional = false
python-versions = ">=3.8"
groups = ["main"]
files = [
    {file = "cffi-1.17.1-cp310-cp310-macosx_10_9_x86_64.whl", hash = "sha256:df8b1c11f177bc2313ec4b2d46baec87a5f3e71fc8b45dab2ee7cae86d9aba14"},
    {file = "cffi-1.17.1-cp310-cp310-macosx_11_0_arm64.whl", hash = "sha256:8f2cdc858323644ab277e9bb925ad72ae0e67f69e804f4898c070998d50b1a67"},
    {file = "cffi-1.17.1-cp310-cp310-manylinux_2_12_i686.manylinux2010_i686.manylinux_2_17_i686.manylinux2014_i686.whl", hash = "sha256:edae79245293e15384b51f88b00613ba9f7198016a5948b5dddf4917d4d26382"},
    {file = "cffi-1.17.1-cp310-cp310-manylinux_2_17_aarch64.manylinux2014_aarch64.whl", hash = "sha256:45398b671ac6d70e67da8e4224a065cec6a93541bb7aebe1b198a61b58c7b702"},
    {file = "cffi-1.17.1-cp310-cp310-manylinux_2_17_ppc64le.manylinux2014_ppc64le.whl", hash = "sha256:ad9413ccdeda48c5afdae7e4fa2192157e991ff761e7ab8fdd8926f40b160cc3"},
    {file = "cffi-1.17.1-cp310-cp310-manylinux_2_17_s390x.manylinux2014_s390x.whl", hash = "sha256:5da5719280082ac6bd9aa7becb3938dc9f9cbd57fac7d2871717b1feb0902ab6"},
    {file = "cffi-1.17.1-cp310-cp310-manylinux_2_17_x86_64.manylinux2014_x86_64.whl", hash = "sha256:2bb1a08b8008b281856e5971307cc386a8e9c5b625ac297e853d36da6efe9c17"},
    {file = "cffi-1.17.1-cp310-cp310-musllinux_1_1_aarch64.whl", hash = "sha256:045d61c734659cc045141be4bae381a41d89b741f795af1dd018bfb532fd0df8"},
    {file = "cffi-1.17.1-cp310-cp310-musllinux_1_1_i686.whl", hash = "sha256:6883e737d7d9e4899a8a695e00ec36bd4e5e4f18fabe0aca0efe0a4b44cdb13e"},
    {file = "cffi-1.17.1-cp310-cp310-musllinux_1_1_x86_64.whl", hash = "sha256:6b8b4a92e1c65048ff98cfe1f735ef8f1ceb72e3d5f0c25fdb12087a23da22be"},
    {file = "cffi-1.17.1-cp310-cp310-win32.whl", hash = "sha256:c9c3d058ebabb74db66e431095118094d06abf53284d9c81f27300d0e0d8bc7c"},
    {file = "cffi-1.17.1-cp310-cp310-win_amd64.whl", hash = "sha256:0f048dcf80db46f0098ccac01132761580d28e28bc0f78ae0d58048063317e15"},
    {file = "cffi-1.17.1-cp311-cp311-macosx_10_9_x86_64.whl", hash = "sha256:a45e3c6913c5b87b3ff120dcdc03f6131fa0065027d0ed7ee6190736a74cd401"},
    {file = "cffi-1.17.1-cp311-cp311-macosx_11_0_arm64.whl", hash = "sha256:30c5e0cb5ae493c04c8b42916e52ca38079f1b235c2f8ae5f4527b963c401caf"},
    {file = "cffi-1.17.1-cp311-cp311-manylinux_2_12_i686.manylinux2010_i686.manylinux_2_17_i686.manylinux2014_i686.whl", hash = "sha256:f75c7ab1f9e4aca5414ed4d8e5c0e303a34f4421f8a0d47a4d019ceff0ab6af4"},
    {file = "cffi-1.17.1-cp311-cp311-manylinux_2_17_aarch64.manylinux2014_aarch64.whl", hash = "sha256:a1ed2dd2972641495a3ec98445e09766f077aee98a1c896dcb4ad0d303628e41"},
    {file = "cffi-1.17.1-cp311-cp311-manylinux_2_17_ppc64le.manylinux2014_ppc64le.whl", hash = "sha256:46bf43160c1a35f7ec506d254e5c890f3c03648a4dbac12d624e4490a7046cd1"},
    {file = "cffi-1.17.1-cp311-cp311-manylinux_2_17_s390x.manylinux2014_s390x.whl", hash = "sha256:a24ed04c8ffd54b0729c07cee15a81d964e6fee0e3d4d342a27b020d22959dc6"},
    {file = "cffi-1.17.1-cp311-cp311-manylinux_2_17_x86_64.manylinux2014_x86_64.whl", hash = "sha256:610faea79c43e44c71e1ec53a554553fa22321b65fae24889706c0a84d4ad86d"},
    {file = "cffi-1.17.1-cp311-cp311-musllinux_1_1_aarch64.whl", hash = "sha256:a9b15d491f3ad5d692e11f6b71f7857e7835eb677955c00cc0aefcd0669adaf6"},
    {file = "cffi-1.17.1-cp311-cp311-musllinux_1_1_i686.whl", hash = "sha256:de2ea4b5833625383e464549fec1bc395c1bdeeb5f25c4a3a82b5a8c756ec22f"},
    {file = "cffi-1.17.1-cp311-cp311-musllinux_1_1_x86_64.whl", hash = "sha256:fc48c783f9c87e60831201f2cce7f3b2e4846bf4d8728eabe54d60700b318a0b"},
    {file = "cffi-1.17.1-cp311-cp311-win32.whl", hash = "sha256:85a950a4ac9c359340d5963966e3e0a94a676bd6245a4b55bc43949eee26a655"},
    {file = "cffi-1.17.1-cp311-cp311-win_amd64.whl", hash = "sha256:caaf0640ef5f5517f49bc275eca1406b0ffa6aa184892812030f04c2abf589a0"},
    {file = "cffi-1.17.1-cp312-cp312-macosx_10_9_x86_64.whl", hash = "sha256:805b4371bf7197c329fcb3ead37e710d1bca9da5d583f5073b799d5c5bd1eee4"},
    {file = "cffi-1.17.1-cp312-cp312-macosx_11_0_arm64.whl", hash = "sha256:733e99bc2df47476e3848417c5a4540522f234dfd4ef3ab7fafdf555b082ec0c"},
    {file = "cffi-1.17.1-cp312-cp312-manylinux_2_12_i686.manylinux2010_i686.manylinux_2_17_i686.manylinux2014_i686.whl", hash = "sha256:1257bdabf294dceb59f5e70c64a3e2f462c30c7ad68092d01bbbfb1c16b1ba36"},
    {file = "cffi-1.17.1-cp312-cp312-manylinux_2_17_aarch64.manylinux2014_aarch64.whl", hash = "sha256:da95af8214998d77a98cc14e3a3bd00aa191526343078b530ceb0bd710fb48a5"},
    {file = "cffi-1.17.1-cp312-cp312-manylinux_2_17_ppc64le.manylinux2014_ppc64le.whl", hash = "sha256:d63afe322132c194cf832bfec0dc69a99fb9bb6bbd550f161a49e9e855cc78ff"},
    {file = "cffi-1.17.1-cp312-cp312-manylinux_2_17_s390x.manylinux2014_s390x.whl", hash = "sha256:f79fc4fc25f1c8698ff97788206bb3c2598949bfe0fef03d299eb1b5356ada99"},
    {file = "cffi-1.17.1-cp312-cp312-manylinux_2_17_x86_64.manylinux2014_x86_64.whl", hash = "sha256:b62ce867176a75d03a665bad002af8e6d54644fad99a3c70905c543130e39d93"},
    {file = "cffi-1.17.1-cp312-cp312-musllinux_1_1_aarch64.whl", hash = "sha256:386c8bf53c502fff58903061338ce4f4950cbdcb23e2902d86c0f722b786bbe3"},
    {file = "cffi-1.17.1-cp312-cp312-musllinux_1_1_x86_64.whl", hash = "sha256:4ceb10419a9adf4460ea14cfd6bc43d08701f0835e979bf821052f1805850fe8"},
    {file = "cffi-1.17.1-cp312-cp312-win32.whl", hash = "sha256:a08d7e755f8ed21095a310a693525137cfe756ce62d066e53f502a83dc550f65"},
    {file = "cffi-1.17.1-cp312-cp312-win_amd64.whl", hash = "sha256:51392eae71afec0d0c8fb1a53b204dbb3bcabcb3c9b807eedf3e1e6ccf2de903"},
    {file = "cffi-1.17.1-cp313-cp313-macosx_10_13_x86_64.whl", hash = "sha256:f3a2b4222ce6b60e2e8b337bb9596923045681d71e5a082783484d845390938e"},
    {file = "cffi-1.17.1-cp313-cp313-macosx_11_0_arm64.whl", hash = "sha256:0984a4925a435b1da406122d4d7968dd861c1385afe3b45ba82b750f229811e2"},
    {file = "cffi-1.17.1-cp313-cp313-manylinux_2_12_i686.manylinux2010_i686.manylinux_2_17_i686.manylinux2014_i686.whl", hash = "sha256:d01b12eeeb4427d3110de311e1774046ad344f5b1a7403101878976ecd7a10f3"},
    {file = "cffi-1.17.1-cp313-cp313-manylinux_2_17_aarch64.manylinux2014_aarch64.whl", hash = "sha256:706510fe141c86a69c8ddc029c7910003a17353970cff3b904ff0686a5927683"},
    {file = "cffi-1.17.1-cp313-cp313-manylinux_2_17_ppc64le.manylinux2014_ppc64le.whl", hash = "sha256:de55b766c7aa2e2a3092c51e0483d700341182f08e67c63630d5b6f200bb28e5"},
    {file = "cffi-1.17.1-cp313-cp313-manylinux_2_17_s390x.manylinux2014_s390x.whl", hash = "sha256:c59d6e989d07460165cc5ad3c61f9fd8f1b4796eacbd81cee78957842b834af4"},
    {file = "cffi-1.17.1-cp313-cp313-manylinux_2_17_x86_64.manylinux2014_x86_64.whl", hash = "sha256:dd398dbc6773384a17fe0d3e7eeb8d1a21c2200473ee6806bb5e6a8e62bb73dd"},
    {file = "cffi-1.17.1-cp313-cp313-musllinux_1_1_aarch64.whl", hash = "sha256:3edc8d958eb099c634dace3c7e16560ae474aa3803a5df240542b305d14e14ed"},
    {file = "cffi-1.17.1-cp313-cp313-musllinux_1_1_x86_64.whl", hash = "sha256:72e72408cad3d5419375fc87d289076ee319835bdfa2caad331e377589aebba9"},
    {file = "cffi-1.17.1-cp313-cp313-win32.whl", hash = "sha256:e03eab0a8677fa80d646b5ddece1cbeaf556c313dcfac435ba11f107ba117b5d"},
    {file = "cffi-1.17.1-cp313-cp313-win_amd64.whl", hash = "sha256:f6a16c31041f09ead72d69f583767292f750d24913dadacf5756b966aacb3f1a"},
    {file = "cffi-1.17.1-cp38-cp38-macosx_10_9_x86_64.whl", hash = "sha256:636062ea65bd0195bc012fea9321aca499c0504409f413dc88af450b57ffd03b"},
    {file = "cffi-1.17.1-cp38-cp38-manylinux_2_12_i686.manylinux2010_i686.manylinux_2_17_i686.manylinux2014_i686.whl", hash = "sha256:c7eac2ef9b63c79431bc4b25f1cd649d7f061a28808cbc6c47b534bd789ef964"},
    {file = "cffi-1.17.1-cp38-cp38-manylinux_2_17_aarch64.manylinux2014_aarch64.whl", hash = "sha256:e221cf152cff04059d011ee126477f0d9588303eb57e88923578ace7baad17f9"},
    {file = "cffi-1.17.1-cp38-cp38-manylinux_2_17_ppc64le.manylinux2014_ppc64le.whl", hash = "sha256:31000ec67d4221a71bd3f67df918b1f88f676f1c3b535a7eb473255fdc0b83fc"},
    {file = "cffi-1.17.1-cp38-cp38-manylinux_2_17_s390x.manylinux2014_s390x.whl", hash = "sha256:6f17be4345073b0a7b8ea599688f692ac3ef23ce28e5df79c04de519dbc4912c"},
    {file = "cffi-1.17.1-cp38-cp38-manylinux_2_17_x86_64.manylinux2014_x86_64.whl", hash = "sha256:0e2b1fac190ae3ebfe37b979cc1ce69c81f4e4fe5746bb401dca63a9062cdaf1"},
    {file = "cffi-1.17.1-cp38-cp38-win32.whl", hash = "sha256:7596d6620d3fa590f677e9ee430df2958d2d6d6de2feeae5b20e82c00b76fbf8"},
    {file = "cffi-1.17.1-cp38-cp38-win_amd64.whl", hash = "sha256:78122be759c3f8a014ce010908ae03364d00a1f81ab5c7f4a7a5120607ea56e1"},
    {file = "cffi-1.17.1-cp39-cp39-macosx_10_9_x86_64.whl", hash = "sha256:b2ab587605f4ba0bf81dc0cb08a41bd1c0a5906bd59243d56bad7668a6fc6c16"},
    {file = "cffi-1.17.1-cp39-cp39-macosx_11_0_arm64.whl", hash = "sha256:28b16024becceed8c6dfbc75629e27788d8a3f9030691a1dbf9821a128b22c36"},
    {file = "cffi-1.17.1-cp39-cp39-manylinux_2_12_i686.manylinux2010_i686.manylinux_2_17_i686.manylinux2014_i686.whl", hash = "sha256:1d599671f396c4723d016dbddb72fe8e0397082b0a77a4fab8028923bec050e8"},
    {file = "cffi-1.17.1-cp39-cp39-manylinux_2_17_aarch64.manylinux2014_aarch64.whl", hash = "sha256:ca74b8dbe6e8e8263c0ffd60277de77dcee6c837a3d0881d8c1ead7268c9e576"},
    {file = "cffi-1.17.1-cp39-cp39-manylinux_2_17_ppc64le.manylinux2014_ppc64le.whl", hash = "sha256:f7f5baafcc48261359e14bcd6d9bff6d4b28d9103847c9e136694cb0501aef87"},
    {file = "cffi-1.17.1-cp39-cp39-manylinux_2_17_s390x.manylinux2014_s390x.whl", hash = "sha256:98e3969bcff97cae1b2def8ba499ea3d6f31ddfdb7635374834cf89a1a08ecf0"},
    {file = "cffi-1.17.1-cp39-cp39-manylinux_2_17_x86_64.manylinux2014_x86_64.whl", hash = "sha256:cdf5ce3acdfd1661132f2a9c19cac174758dc2352bfe37d98aa7512c6b7178b3"},
    {file = "cffi-1.17.1-cp39-cp39-musllinux_1_1_aarch64.whl", hash = "sha256:9755e4345d1ec879e3849e62222a18c7174d65a6a92d5b346b1863912168b595"},
    {file = "cffi-1.17.1-cp39-cp39-musllinux_1_1_i686.whl", hash = "sha256:f1e22e8c4419538cb197e4dd60acc919d7696e5ef98ee4da4e01d3f8cfa4cc5a"},
    {file = "cffi-1.17.1-cp39-cp39-musllinux_1_1_x86_64.whl", hash = "sha256:c03e868a0b3bc35839ba98e74211ed2b05d2119be4e8a0f224fba9384f1fe02e"},
    {file = "cffi-1.17.1-cp39-cp39-win32.whl", hash = "sha256:e31ae45bc2e29f6b2abd0de1cc3b9d5205aa847cafaecb8af1476a609a2f6eb7"},
    {file = "cffi-1.17.1-cp39-cp39-win_amd64.whl", hash = "sha256:d016c76bdd850f3c626af19b0542c9677ba156e4ee4fccfdd7848803533ef662"},
    {file = "cffi-1.17.1.tar.gz", hash = "sha256:1c39c6016c32bc48dd54561950ebd6836e1670f2ae46128f67cf49e789c52824"},
]

[package.dependencies]
pycparser = "*"

[[package]]
name = "gmpy2"
version = "2.2.1"
description = "gmpy2 interface to GMP, MPFR, and MPC for Python 3.7+"
optional = false
python-versions = ">=3.7"
groups = ["main"]
files = [
    {file = "gmpy2-2.2.1-cp310-cp310-macosx_10_9_x86_64.whl", hash = "sha256:431d599e1542b6e0b3618d3e296702c25215c97fb461d596e27adbe69d765dc6"},
    {file = "gmpy2-2.2.1-cp310-cp310-macosx_11_0_arm64.whl", hash = "sha256:5e51848975837751d1038e82d006e8bb488b179f093ba7fc8a59e1d8a2c61663"},
    {file = "gmpy2-2.2.1-cp310-cp310-manylinux_2_17_i686.manylinux2014_i686.whl", hash = "sha256:89bdf26520b0bf39e148f97a7c9dd17e163637fdcd5fa3699fd70b5e9c246531"},
    {file = "gmpy2-2.2.1-cp310-cp310-manylinux_2_17_x86_64.manylinux2014_x86_64.whl", hash = "sha256:a187cf303b94efb4c8915106406acac16e8dbaa3cdb6e856fa096673c3c02f1b"},
    {file = "gmpy2-2.2.1-cp310-cp310-musllinux_1_2_i686.whl", hash = "sha256:d26806e518dadd9ed6cf57fc5fb67e8e6ca533bd9a77fd079558ffadd57150c8"},
    {file = "gmpy2-2.2.1-cp310-cp310-musllinux_1_2_x86_64.whl", hash = "sha256:416d2f1c4a1af3c00946a8f85b4547ba2bede3903cae3095be12fbc0128f9f5f"},
    {file = "gmpy2-2.2.1-cp310-cp310-win_amd64.whl", hash = "sha256:b3cb0f02570f483d27581ea5659c43df0ff7759aaeb475219e0d9e10e8511a80"},
    {file = "gmpy2-2.2.1-cp311-cp311-macosx_10_9_x86_64.whl", hash = "sha256:98e947491c67523d3147a500f377bb64d0b115e4ab8a12d628fb324bb0e142bf"},
    {file = "gmpy2-2.2.1-cp311-cp311-macosx_11_0_arm64.whl", hash = "sha256:4ccd319a3a87529484167ae1391f937ac4a8724169fd5822bbb541d1eab612b0"},
    {file = "gmpy2-2.2.1-cp311-cp311-manylinux_2_17_i686.manylinux2014_i686.whl", hash = "sha256:827bcd433e5d62f1b732f45e6949419da4a53915d6c80a3c7a5a03d5a783a03a"},
    {file = "gmpy2-2.2.1-cp311-cp311-manylinux_2_17_x86_64.manylinux2014_x86_64.whl", hash = "sha256:b7131231fc96f57272066295c81cbf11b3233a9471659bca29ddc90a7bde9bfa"},
    {file = "gmpy2-2.2.1-cp311-cp311-musllinux_1_2_i686.whl", hash = "sha256:1cc6f2bb68ee00c20aae554e111dc781a76140e00c31e4eda5c8f2d4168ed06c"},
    {file = "gmpy2-2.2.1-cp311-cp311-musllinux_1_2_x86_64.whl", hash = "sha256:ae388fe46e3d20af4675451a4b6c12fc1bb08e6e0e69ee47072638be21bf42d8"},
    {file = "gmpy2-2.2.1-cp311-cp311-win_amd64.whl", hash = "sha256:8b472ee3c123b77979374da2293ebf2c170b88212e173d64213104956d4678fb"},
    {file = "gmpy2-2.2.1-cp312-cp312-macosx_10_9_x86_64.whl", hash = "sha256:90d03a1be1b1ad3944013fae5250316c3f4e6aec45ecdf189a5c7422d640004d"},
    {file = "gmpy2-2.2.1-cp312-cp312-macosx_11_0_arm64.whl", hash = "sha256:bd09dd43d199908c1d1d501c5de842b3bf754f99b94af5b5ef0e26e3b716d2d5"},
    {file = "gmpy2-2.2.1-cp312-cp312-manylinux_2_17_i686.manylinux2014_i686.whl", hash = "sha256:3232859fda3e96fd1aecd6235ae20476ed4506562bcdef6796a629b78bb96acd"},
    {file = "gmpy2-2.2.1-cp312-cp312-manylinux_2_17_x86_64.manylinux2014_x86_64.whl", hash = "sha256:30fba6f7cf43fb7f8474216701b5aaddfa5e6a06d560e88a67f814062934e863"},
    {file = "gmpy2-2.2.1-cp312-cp312-musllinux_1_2_i686.whl", hash = "sha256:9b33cae533ede8173bc7d4bb855b388c5b636ca9f22a32c949f2eb7e0cc531b2"},
    {file = "gmpy2-2.2.1-cp312-cp312-musllinux_1_2_x86_64.whl", hash = "sha256:954e7e1936c26e370ca31bbd49729ebeeb2006a8f9866b1e778ebb89add2e941"},
    {file = "gmpy2-2.2.1-cp312-cp312-win_amd64.whl", hash = "sha256:c929870137b20d9c3f7dd97f43615b2d2c1a2470e50bafd9a5eea2e844f462e9"},
    {file = "gmpy2-2.2.1-cp313-cp313-macosx_10_9_x86_64.whl", hash = "sha256:a3859ef1706bc631ee7fbdf3ae0367da1709fae1e2538b0e1bc6c53fa3ee7ef4"},
    {file = "gmpy2-2.2.1-cp313-cp313-macosx_11_0_arm64.whl", hash = "sha256:6468fc604d5a322fe037b8880848eef2fef7e9f843872645c4c11eef276896ad"},
    {file = "gmpy2-2.2.1-cp313-cp313-manylinux_2_17_i686.manylinux2014_i686.whl", hash = "sha256:a845a7701217da4ff81a2e4ae8df479e904621b7953d3a6b4ca0ff139f1fa71f"},
    {file = "gmpy2-2.2.1-cp313-cp313-manylinux_2_17_x86_64.manylinux2014_x86_64.whl", hash = "sha256:c0b1e14ef1793a1e0176e7b54b29b44c1d93cf8699ca8e4a93ed53fdd16e2c52"},
    {file = "gmpy2-2.2.1-cp313-cp313-musllinux_1_2_i686.whl", hash = "sha256:13b0e00170c14ed4cd1e007cc6f1bcb3417b5677d2ef964d46959a1833aa84ab"},
    {file = "gmpy2-2.2.1-cp313-cp313-musllinux_1_2_x86_64.whl", hash = "sha256:831280e3943897ae6bf69ebd868dc6de2a46c078230b9f2a9f66b4ad793d0440"},
    {file = "gmpy2-2.2.1-cp313-cp313-win_amd64.whl", hash = "sha256:74235fcce8a1bee207bf8d43955cb04563f71ba8231a3bbafc6dd7869503d05c"},
    {file = "gmpy2-2.2.1-cp37-cp37m-macosx_10_9_x86_64.whl", hash = "sha256:67aa03a50ad85687193174875a72e145114946fc3aa64b1c9d4a724b70afc18d"},
    {file = "gmpy2-2.2.1-cp37-cp37m-manylinux_2_17_i686.manylinux2014_i686.whl", hash = "sha256:1854e35312088608880139d06326683a56d7547d68a5817f472ac9046920b7c8"},
    {file = "gmpy2-2.2.1-cp37-cp37m-manylinux_2_17_x86_64.manylinux2014_x86_64.whl", hash = "sha256:3c35081bc42741fe5d491cffcff2c71107970b85b6687e6b0001db5fcc70d644"},
    {file = "gmpy2-2.2.1-cp37-cp37m-musllinux_1_2_i686.whl", hash = "sha256:152e8aaec5046fd4887e45719ab5ea5fac90df0077574c79fc124dc93fd237c0"},
    {file = "gmpy2-2.2.1-cp37-cp37m-musllinux_1_2_x86_64.whl", hash = "sha256:31826f502cd575898ef1fd5959b48114b3e91540385491ab9303ffa04d88a6eb"},
    {file = "gmpy2-2.2.1-cp37-cp37m-win_amd64.whl", hash = "sha256:98f5c85177225f91b93caf64e1876e081108c5dd1d53f0b79f917561935fb389"},
    {file = "gmpy2-2.2.1-cp38-cp38-macosx_10_9_x86_64.whl", hash = "sha256:235f69d2e83d7418252871f1950bf8fb8e80bf2e572c30859c85d7ee14196f3d"},
    {file = "gmpy2-2.2.1-cp38-cp38-macosx_11_0_arm64.whl", hash = "sha256:5079db302762e2669e0d664ea8fb56f46509514dd0387d98951e399838d9bb07"},
    {file = "gmpy2-2.2.1-cp38-cp38-manylinux_2_17_i686.manylinux2014_i686.whl", hash = "sha256:e387faa6e860424a934ac23152803202980bd0c30605d8bd180bb015d8b09f75"},
    {file = "gmpy2-2.2.1-cp38-cp38-manylinux_2_17_x86_64.manylinux2014_x86_64.whl", hash = "sha256:887471cf563c5fc96456c404c805fb4a09c7e834123d7725b22f5394a48cff46"},
    {file = "gmpy2-2.2.1-cp38-cp38-musllinux_1_2_i686.whl", hash = "sha256:1adf779213b9bbf4b0270d1dea1822e3865c433ae02d4b97d20db8be8532e2f8"},
    {file = "gmpy2-2.2.1-cp38-cp38-musllinux_1_2_x86_64.whl", hash = "sha256:2ef74ffffbb16a84243098b51672b584f83baaa53535209639174244863aea8c"},
    {file = "gmpy2-2.2.1-cp38-cp38-win_amd64.whl", hash = "sha256:6699b88068c2af9abaf28cd078c876892a917750d8bee6734d8dfa708312fdf3"},
    {file = "gmpy2-2.2.1-cp39-cp39-macosx_10_9_x86_64.whl", hash = "sha256:623e0f701dc74690d15037951b550160d24d75bf66213fc6642a51ac6a2e055e"},
    {file = "gmpy2-2.2.1-cp39-cp39-macosx_11_0_arm64.whl", hash = "sha256:31b9bfde30478d3b9c85641b4b7146554af16d60320962d79c3e45d724d1281d"},
    {file = "gmpy2-2.2.1-cp39-cp39-manylinux_2_17_i686.manylinux2014_i686.whl", hash = "sha256:674da3d7aeb7dbde52abc0adc0a285bf1b2f3d142779dad15acdbdb819fe9bc2"},
    {file = "gmpy2-2.2.1-cp39-cp39-manylinux_2_17_x86_64.manylinux2014_x86_64.whl", hash = "sha256:23505c2ab66734f8a1b1fc5c4c1f8bbbd489bb02eef5940bbd974de69f2ddc2d"},
    {file = "gmpy2-2.2.1-cp39-cp39-musllinux_1_2_i686.whl", hash = "sha256:99f515dbd242cb07bf06e71c93e69c99a703ad55a22f5deac198256fd1c305ed"},
    {file = "gmpy2-2.2.1-cp39-cp39-musllinux_1_2_x86_64.whl", hash = "sha256:1c2daa0bb603734e6bee6245e275e57ed305a08da50dc3ce7b48eedece61216c"},
    {file = "gmpy2-2.2.1-cp39-cp39-win_amd64.whl", hash = "sha256:fbe36fcc45a591d4ef30fe38ac8db0afa35edfafdf325dbe4fe9162ceb264c0d"},
    {file = "gmpy2-2.2.1.tar.gz", hash = "sha256:e83e07567441b78cb87544910cb3cc4fe94e7da987e93ef7622e76fb96650432"},
]

[package.extras]
docs = ["sphinx (>=4)", "sphinx-rtd-theme (>=1)"]
tests = ["cython", "hypothesis", "mpmath", "pytest", "setuptools"]

[[package]]
name = "mip"
version = "1.16rc0"
description = "Python tools for Modeling and Solving Mixed-Integer Linear Programs (MIPs)"
optional = false
python-versions = "<3.13,>=3.7"
groups = ["main"]
files = [
    {file = "mip-1.16rc0-py3-none-any.whl", hash = "sha256:62e04c27bce56da94d070f6b03d9e342600d10f4016984334af7dae8c0f9fd09"},
    {file = "mip-1.16rc0.tar.gz", hash = "sha256:f250083a41f4e1f61b6885041d64ed2a88bff5ead7165c329b5b31d07c517466"},
]

[package.dependencies]
cffi = ">=1.15"

[package.extras]
gurobi = ["gurobipy (>=8)"]
highs = ["highspy (>=1.5.3) ; python_version <= \"3.11\""]
numpy = ["numpy (==1.21.*) ; python_version == \"3.7\"", "numpy (==1.24.*) ; python_version == \"3.8\"", "numpy (>=1.25) ; python_version >= \"3.9\""]
test = ["matplotlib (==3.5.3) ; python_version == \"3.7\"", "matplotlib (==3.6.2) ; python_version == \"3.8\"", "matplotlib (>=3.7) ; python_version >= \"3.9\"", "networkx (==2.6.3) ; python_version == \"3.7\"", "networkx (==2.8.8) ; python_version >= \"3.8\"", "pytest (>=7.4)"]

[[package]]
name = "muoblp"
version = "1.0.1"
description = "Implementation of multi objective linear programming module"
optional = false
python-versions = ">=3.11"
groups = ["main"]
files = [
    {file = "muoblp-1.0.1-py3-none-any.whl", hash = "sha256:0239a9a763206a64347e7a2ec70cda37d359358e5e64651fd92792bae2bc278c"},
    {file = "muoblp-1.0.1.tar.gz", hash = "sha256:6ecb65ea8e6ec64a140746c3448e01fcf97559baed4efc47b159e131faae37f8"},
]

[package.dependencies]
pulp = "2.9.0"

[[package]]
name = "muoblpbindings"
version = "0.0.13"
description = ""
optional = false
python-versions = ">=3.11"
groups = ["main"]
files = [
    {file = "muoblpbindings-0.0.13-cp311-cp311-macosx_10_9_x86_64.whl", hash = "sha256:bb43d457edd19ad04a88110b356e3476ddf9cb39e09e008b7cdda78a24fa3fbe"},
    {file = "muoblpbindings-0.0.13-cp311-cp311-macosx_11_0_arm64.whl", hash = "sha256:95d099c1a9b5dc09033f2b1600c6bdb0b3a0c82547c645254d9a2dc82e7be66d"},
    {file = "muoblpbindings-0.0.13-cp311-cp311-manylinux_2_17_i686.manylinux2014_i686.whl", hash = "sha256:ad9e28c632ae31ad58edbb6d7fc9e3b30e1b03225656008cc251d22acb71b82e"},
    {file = "muoblpbindings-0.0.13-cp311-cp311-manylinux_2_17_x86_64.manylinux2014_x86_64.whl", hash = "sha256:0c0a193fbed9bea5c2c8f23cd7476cc72e024105d2c6db1d82f97a6cb529afb3"},
    {file = "muoblpbindings-0.0.13-cp311-cp311-musllinux_1_2_i686.whl", hash = "sha256:76de91a8b99c99cbdf8aa673b4546f42fc418d519a42ccfe769dee460b454313"},
    {file = "muoblpbindings-0.0.13-cp311-cp311-musllinux_1_2_x86_64.whl", hash = "sha256:8488c49a00855e535b562306788728fa32724b2f33c838312d22039f28df1090"},
    {file = "muoblpbindings-0.0.13-cp311-cp311-win32.whl", hash = "sha256:251fc99e3a2b923e9a060b52fd2956efa00ba5f01aca0717d7b2c849bb02bd84"},
    {file = "muoblpbindings-0.0.13-cp311-cp311-win_amd64.whl", hash = "sha256:f75ef617c3e6dddcc3f9c2c0b2c96804a9e2aa66d1ce5e1641cf1f62f05d9402"},
    {file = "muoblpbindings-0.0.13-cp311-cp311-win_arm64.whl", hash = "sha256:2d33b854666010828cfbd9b9668c04ff6a73f67258957790d15289dd8204064d"},
    {file = "muoblpbindings-0.0.13-cp312-cp312-macosx_10_13_x86_64.whl", hash = "sha256:d6794104c76f4c2fd7c10e96d67eeff05bf3bed5ac04e9940fdb74cdd1d9ace2"},
    {file = "muoblpbindings-0.0.13-cp312-cp312-macosx_11_0_arm64.whl", hash = "sha256:25eaec5280104575ffa4a8c4e4e10d8ee9293a360642e0944519fb47b5f54092"},
    {file = "muoblpbindings-0.0.13-cp312-cp312-manylinux_2_17_i686.manylinux2014_i686.whl", hash = "sha256:02ae4b7504f0c630de0ae297fe0d5af09d071d87a12ad7d4b0834b6e693bbd2b"},
    {file = "muoblpbindings-0.0.13-cp312-cp312-manylinux_2_17_x86_64.manylinux2014_x86_64.whl", hash = "sha256:ecf7d0679bd75f64dd44956da06ea5d2c6b59118ea4a20b6cd9dae8880e797f2"},
    {file = "muoblpbindings-0.0.13-cp312-cp312-musllinux_1_2_i686.whl", hash = "sha256:42ec07afcdf84fd31ececc7cf176f53665d589a80d097a0bb707297e7334ec10"},
    {file = "muoblpbindings-0.0.13-cp312-cp312-musllinux_1_2_x86_64.whl", hash = "sha256:44189253c346df920a20ca0374fdfb4aef8e347c90cead6fad4ab8330582116b"},
    {file = "muoblpbindings-0.0.13-cp312-cp312-win32.whl", hash = "sha256:baef4cbc2bc31136a04179cf5293fa61fdf00f579df4b5fa3ae581368e0a8068"},
    {file = "muoblpbindings-0.0.13-cp312-cp312-win_amd64.whl", hash = "sha256:f08ae890ebb461c959a019158ed7872f1085ce553779b0950478472b36f8dc8b"},
    {file = "muoblpbindings-0.0.13-cp312-cp312-win_arm64.whl", hash = "sha256:ece970e9fe63b00f2587a17762c9889ece94710cfea359373456d9d979000a32"},
    {file = "muoblpbindings-0.0.13-cp313-cp313-macosx_10_13_x86_64.whl", hash = "sha256:07eac5e5d8a8f62743e3991fc3b37cdc17ce953e2c0e1f32d36b3191077a748d"},
    {file = "muoblpbindings-0.0.13-cp313-cp313-macosx_11_0_arm64.whl", hash = "sha256:4aaf99e4e07f34061a7a5aabc04704866115e023d266545b302c3ea5eeee4d82"},
    {file = "muoblpbindings-0.0.13-cp313-cp313-manylinux_2_17_i686.manylinux2014_i686.whl", hash = "sha256:a2eb0f9800740abb9fbaea987c3ba9e4961bbadab6ea7c48e371b1b893b098f7"},
    {file = "muoblpbindings-0.0.13-cp313-cp313-manylinux_2_17_x86_64.manylinux2014_x86_64.whl", hash = "sha256:dad0393884b7c50dd730e62bfc087cc83664ee8507391e3475ad7d9cb02dcf73"},
    {file = "muoblpbindings-0.0.13-cp313-cp313-musllinux_1_2_i686.whl", hash = "sha256:16c7ee4b087e7ebf05fc5eca40e861658d87171d16f461bd897144e6f4b46c92"},
    {file = "muoblpbindings-0.0.13-cp313-cp313-musllinux_1_2_x86_64.whl", hash = "sha256:b46f83401d4e27df50c3f8d8513b0ffda24b5f3fc1781330532d71183d9cefb0"},
    {file = "muoblpbindings-0.0.13-cp313-cp313-win32.whl", hash = "sha256:47a85e21cee7465a4f10e413d249f0477e28895338c736f031f749614a13c58b"},
    {file = "muoblpbindings-0.0.13-cp313-cp313-win_amd64.whl", hash = "sha256:9c8a28d6028dec74ab1806e00d791f666781148327ce09a902242928dfe60b03"},
    {file = "muoblpbindings-0.0.13-cp313-cp313-win_arm64.whl", hash = "sha256:330ca63c9a3790d26e7f2218742247594de2326eb15bd175b5dc489694e8252b"},
    {file = "muoblpbindings-0.0.13-pp311-pypy311_pp73-macosx_10_15_x86_64.whl", hash = "sha256:05b39487b3d28a4bd83a114de2c3836ddd3209c939ebd59dd03ac06362b915c5"},
    {file = "muoblpbindings-0.0.13-pp311-pypy311_pp73-macosx_11_0_arm64.whl", hash = "sha256:f476afe52e85bcb1383f89a5fb86fe1383de2a684836ddae8bb971c00fc62a37"},
    {file = "muoblpbindings-0.0.13-pp311-pypy311_pp73-manylinux_2_17_i686.manylinux2014_i686.whl", hash = "sha256:754995b5c41dd1c2bf4ea8fdc3dc50b7cf2dc96700fc68bb94a5d89fb791289d"},
    {file = "muoblpbindings-0.0.13-pp311-pypy311_pp73-manylinux_2_17_x86_64.manylinux2014_x86_64.whl", hash = "sha256:301d59d1e947df17421f898a3966484d8ecba7940e8e05c4fba9794505c28ace"},
    {file = "muoblpbindings-0.0.13-pp311-pypy311_pp73-win_amd64.whl", hash = "sha256:9301f2894476431576217e716b15a81f70e0916810f2a7ab7d41123904506c65"},
    {file = "muoblpbindings-0.0.13.tar.gz", hash = "sha256:8d5b6d8cdfaac1e2f7883f9b8f2323a3b9e617f310ccd0fd912c1888394df220"},
]

[[package]]
name = "muoblpsolvers"
version = "0.0.9"
description = "Solvers for multi objective linear programming"
optional = false
python-versions = ">=3.11"
groups = ["main"]
files = []
develop = true

[package.dependencies]
muoblp = "1.0.1"
muoblpbindings = "0.0.13"
pulp = "2.9.0"

[package.source]
type = "directory"
url = "../solvers"

[[package]]
name = "natsort"
version = "8.4.0"
description = "Simple yet flexible natural sorting in Python."
optional = false
python-versions = ">=3.7"
groups = ["main"]
files = [
    {file = "natsort-8.4.0-py3-none-any.whl", hash = "sha256:4732914fb471f56b5cce04d7bae6f164a592c7712e1c85f9ef585e197299521c"},
    {file = "natsort-8.4.0.tar.gz", hash = "sha256:45312c4a0e5507593da193dedd04abb1469253b601ecaf63445ad80f0a1ea581"},
]

[package.extras]
fast = ["fastnumbers (>=2.0.0)"]
icu = ["PyICU (>=1.0.0)"]

[[package]]
name = "numpy"
version = "2.3.1"
description = "Fundamental package for array computing in Python"
optional = false
python-versions = ">=3.11"
groups = ["main"]
files = [
    {file = "numpy-2.3.1-cp311-cp311-macosx_10_9_x86_64.whl", hash = "sha256:6ea9e48336a402551f52cd8f593343699003d2353daa4b72ce8d34f66b722070"},
    {file = "numpy-2.3.1-cp311-cp311-macosx_11_0_arm64.whl", hash = "sha256:5ccb7336eaf0e77c1635b232c141846493a588ec9ea777a7c24d7166bb8533ae"},
    {file = "numpy-2.3.1-cp311-cp311-macosx_14_0_arm64.whl", hash = "sha256:0bb3a4a61e1d327e035275d2a993c96fa786e4913aa089843e6a2d9dd205c66a"},
    {file = "numpy-2.3.1-cp311-cp311-macosx_14_0_x86_64.whl", hash = "sha256:e344eb79dab01f1e838ebb67aab09965fb271d6da6b00adda26328ac27d4a66e"},
    {file = "numpy-2.3.1-cp311-cp311-manylinux_2_28_aarch64.whl", hash = "sha256:467db865b392168ceb1ef1ffa6f5a86e62468c43e0cfb4ab6da667ede10e58db"},
    {file = "numpy-2.3.1-cp311-cp311-manylinux_2_28_x86_64.whl", hash = "sha256:afed2ce4a84f6b0fc6c1ce734ff368cbf5a5e24e8954a338f3bdffa0718adffb"},
    {file = "numpy-2.3.1-cp311-cp311-musllinux_1_2_aarch64.whl", hash = "sha256:0025048b3c1557a20bc80d06fdeb8cc7fc193721484cca82b2cfa072fec71a93"},
    {file = "numpy-2.3.1-cp311-cp311-musllinux_1_2_x86_64.whl", hash = "sha256:a5ee121b60aa509679b682819c602579e1df14a5b07fe95671c8849aad8f2115"},
    {file = "numpy-2.3.1-cp311-cp311-win32.whl", hash = "sha256:a8b740f5579ae4585831b3cf0e3b0425c667274f82a484866d2adf9570539369"},
    {file = "numpy-2.3.1-cp311-cp311-win_amd64.whl", hash = "sha256:d4580adadc53311b163444f877e0789f1c8861e2698f6b2a4ca852fda154f3ff"},
    {file = "numpy-2.3.1-cp311-cp311-win_arm64.whl", hash = "sha256:ec0bdafa906f95adc9a0c6f26a4871fa753f25caaa0e032578a30457bff0af6a"},
    {file = "numpy-2.3.1-cp312-cp312-macosx_10_13_x86_64.whl", hash = "sha256:2959d8f268f3d8ee402b04a9ec4bb7604555aeacf78b360dc4ec27f1d508177d"},
    {file = "numpy-2.3.1-cp312-cp312-macosx_11_0_arm64.whl", hash = "sha256:762e0c0c6b56bdedfef9a8e1d4538556438288c4276901ea008ae44091954e29"},
    {file = "numpy-2.3.1-cp312-cp312-macosx_14_0_arm64.whl", hash = "sha256:867ef172a0976aaa1f1d1b63cf2090de8b636a7674607d514505fb7276ab08fc"},
    {file = "numpy-2.3.1-cp312-cp312-macosx_14_0_x86_64.whl", hash = "sha256:4e602e1b8682c2b833af89ba641ad4176053aaa50f5cacda1a27004352dde943"},
    {file = "numpy-2.3.1-cp312-cp312-manylinux_2_28_aarch64.whl", hash = "sha256:8e333040d069eba1652fb08962ec5b76af7f2c7bce1df7e1418c8055cf776f25"},
    {file = "numpy-2.3.1-cp312-cp312-manylinux_2_28_x86_64.whl", hash = "sha256:e7cbf5a5eafd8d230a3ce356d892512185230e4781a361229bd902ff403bc660"},
    {file = "numpy-2.3.1-cp312-cp312-musllinux_1_2_aarch64.whl", hash = "sha256:5f1b8f26d1086835f442286c1d9b64bb3974b0b1e41bb105358fd07d20872952"},
    {file = "numpy-2.3.1-cp312-cp312-musllinux_1_2_x86_64.whl", hash = "sha256:ee8340cb48c9b7a5899d1149eece41ca535513a9698098edbade2a8e7a84da77"},
    {file = "numpy-2.3.1-cp312-cp312-win32.whl", hash = "sha256:e772dda20a6002ef7061713dc1e2585bc1b534e7909b2030b5a46dae8ff077ab"},
    {file = "numpy-2.3.1-cp312-cp312-win_amd64.whl", hash = "sha256:cfecc7822543abdea6de08758091da655ea2210b8ffa1faf116b940693d3df76"},
    {file = "numpy-2.3.1-cp312-cp312-win_arm64.whl", hash = "sha256:7be91b2239af2658653c5bb6f1b8bccafaf08226a258caf78ce44710a0160d30"},
    {file = "numpy-2.3.1-cp313-cp313-macosx_10_13_x86_64.whl", hash = "sha256:25a1992b0a3fdcdaec9f552ef10d8103186f5397ab45e2d25f8ac51b1a6b97e8"},
    {file = "numpy-2.3.1-cp313-cp313-macosx_11_0_arm64.whl", hash = "sha256:7dea630156d39b02a63c18f508f85010230409db5b2927ba59c8ba4ab3e8272e"},
    {file = "numpy-2.3.1-cp313-cp313-macosx_14_0_arm64.whl", hash = "sha256:bada6058dd886061f10ea15f230ccf7dfff40572e99fef440a4a857c8728c9c0"},
    {file = "numpy-2.3.1-cp313-cp313-macosx_14_0_x86_64.whl", hash = "sha256:a894f3816eb17b29e4783e5873f92faf55b710c2519e5c351767c51f79d8526d"},
    {file = "numpy-2.3.1-cp313-cp313-manylinux_2_28_aarch64.whl", hash = "sha256:18703df6c4a4fee55fd3d6e5a253d01c5d33a295409b03fda0c86b3ca2ff41a1"},
    {file = "numpy-2.3.1-cp313-cp313-manylinux_2_28_x86_64.whl", hash = "sha256:5902660491bd7a48b2ec16c23ccb9124b8abfd9583c5fdfa123fe6b421e03de1"},
    {file = "numpy-2.3.1-cp313-cp313-musllinux_1_2_aarch64.whl", hash = "sha256:36890eb9e9d2081137bd78d29050ba63b8dab95dff7912eadf1185e80074b2a0"},
    {file = "numpy-2.3.1-cp313-cp313-musllinux_1_2_x86_64.whl", hash = "sha256:a780033466159c2270531e2b8ac063704592a0bc62ec4a1b991c7c40705eb0e8"},
    {file = "numpy-2.3.1-cp313-cp313-win32.whl", hash = "sha256:39bff12c076812595c3a306f22bfe49919c5513aa1e0e70fac756a0be7c2a2b8"},
    {file = "numpy-2.3.1-cp313-cp313-win_amd64.whl", hash = "sha256:8d5ee6eec45f08ce507a6570e06f2f879b374a552087a4179ea7838edbcbfa42"},
    {file = "numpy-2.3.1-cp313-cp313-win_arm64.whl", hash = "sha256:0c4d9e0a8368db90f93bd192bfa771ace63137c3488d198ee21dfb8e7771916e"},
    {file = "numpy-2.3.1-cp313-cp313t-macosx_10_13_x86_64.whl", hash = "sha256:b0b5397374f32ec0649dd98c652a1798192042e715df918c20672c62fb52d4b8"},
    {file = "numpy-2.3.1-cp313-cp313t-macosx_11_0_arm64.whl", hash = "sha256:c5bdf2015ccfcee8253fb8be695516ac4457c743473a43290fd36eba6a1777eb"},
    {file = "numpy-2.3.1-cp313-cp313t-macosx_14_0_arm64.whl", hash = "sha256:d70f20df7f08b90a2062c1f07737dd340adccf2068d0f1b9b3d56e2038979fee"},
    {file = "numpy-2.3.1-cp313-cp313t-macosx_14_0_x86_64.whl", hash = "sha256:2fb86b7e58f9ac50e1e9dd1290154107e47d1eef23a0ae9145ded06ea606f992"},
    {file = "numpy-2.3.1-cp313-cp313t-manylinux_2_28_aarch64.whl", hash = "sha256:23ab05b2d241f76cb883ce8b9a93a680752fbfcbd51c50eff0b88b979e471d8c"},
    {file = "numpy-2.3.1-cp313-cp313t-manylinux_2_28_x86_64.whl", hash = "sha256:ce2ce9e5de4703a673e705183f64fd5da5bf36e7beddcb63a25ee2286e71ca48"},
    {file = "numpy-2.3.1-cp313-cp313t-musllinux_1_2_aarch64.whl", hash = "sha256:c4913079974eeb5c16ccfd2b1f09354b8fed7e0d6f2cab933104a09a6419b1ee"},
    {file = "numpy-2.3.1-cp313-cp313t-musllinux_1_2_x86_64.whl", hash = "sha256:010ce9b4f00d5c036053ca684c77441f2f2c934fd23bee058b4d6f196efd8280"},
    {file = "numpy-2.3.1-cp313-cp313t-win32.whl", hash = "sha256:6269b9edfe32912584ec496d91b00b6d34282ca1d07eb10e82dfc780907d6c2e"},
    {file = "numpy-2.3.1-cp313-cp313t-win_amd64.whl", hash = "sha256:2a809637460e88a113e186e87f228d74ae2852a2e0c44de275263376f17b5bdc"},
    {file = "numpy-2.3.1-cp313-cp313t-win_arm64.whl", hash = "sha256:eccb9a159db9aed60800187bc47a6d3451553f0e1b08b068d8b277ddfbb9b244"},
    {file = "numpy-2.3.1-pp311-pypy311_pp73-macosx_10_15_x86_64.whl", hash = "sha256:ad506d4b09e684394c42c966ec1527f6ebc25da7f4da4b1b056606ffe446b8a3"},
    {file = "numpy-2.3.1-pp311-pypy311_pp73-macosx_14_0_arm64.whl", hash = "sha256:ebb8603d45bc86bbd5edb0d63e52c5fd9e7945d3a503b77e486bd88dde67a19b"},
    {file = "numpy-2.3.1-pp311-pypy311_pp73-macosx_14_0_x86_64.whl", hash = "sha256:15aa4c392ac396e2ad3d0a2680c0f0dee420f9fed14eef09bdb9450ee6dcb7b7"},
    {file = "numpy-2.3.1-pp311-pypy311_pp73-manylinux_2_28_aarch64.whl", hash = "sha256:c6e0bf9d1a2f50d2b65a7cf56db37c095af17b59f6c132396f7c6d5dd76484df"},
    {file = "numpy-2.3.1-pp311-pypy311_pp73-manylinux_2_28_x86_64.whl", hash = "sha256:eabd7e8740d494ce2b4ea0ff05afa1b7b291e978c0ae075487c51e8bd93c0c68"},
    {file = "numpy-2.3.1-pp311-pypy311_pp73-win_amd64.whl", hash = "sha256:e610832418a2bc09d974cc9fecebfa51e9532d6190223bc5ef6a7402ebf3b5cb"},
    {file = "numpy-2.3.1.tar.gz", hash = "sha256:1ec9ae20a4226da374362cca3c62cd753faf2f951440b0e3b98e93c235441d2b"},
]

[[package]]
name = "pabutools"
version = "1.1.11"
description = "Implementation of all the tools necessary to explore and analyse participatory budgeting elections"
optional = false
python-versions = ">=3.9"
groups = ["main"]
files = [
    {file = "pabutools-1.1.11-py3-none-any.whl", hash = "sha256:bab9e6f534e1b5cc2b509926a19e5d0ba0c33b6d875ddbd372d1fc9ebe93666f"},
    {file = "pabutools-1.1.11.tar.gz", hash = "sha256:8eef5536144b26bb5e90dfc4085d21ba7b1dc0f2d60d445659e64ea96a3be5b0"},
]

[package.dependencies]
gmpy2 = ">=2.1.5"
mip = ">=1.16rc0"
natsort = "*"
numpy = "*"
preflibtools = "*"

[package.extras]
dev = ["Sphinx", "coverage", "enum-tools", "parameterized", "sphinx-book-theme", "sphinx-toolbox", "sphinxcontrib-napoleon", "unittest2"]

[[package]]
name = "pandas"
version = "2.3.0"
description = "Powerful data structures for data analysis, time series, and statistics"
optional = false
python-versions = ">=3.9"
groups = ["main"]
files = [
    {file = "pandas-2.3.0-cp310-cp310-macosx_10_9_x86_64.whl", hash = "sha256:625466edd01d43b75b1883a64d859168e4556261a5035b32f9d743b67ef44634"},
    {file = "pandas-2.3.0-cp310-cp310-macosx_11_0_arm64.whl", hash = "sha256:a6872d695c896f00df46b71648eea332279ef4077a409e2fe94220208b6bb675"},
    {file = "pandas-2.3.0-cp310-cp310-manylinux_2_17_aarch64.manylinux2014_aarch64.whl", hash = "sha256:f4dd97c19bd06bc557ad787a15b6489d2614ddaab5d104a0310eb314c724b2d2"},
    {file = "pandas-2.3.0-cp310-cp310-manylinux_2_17_x86_64.manylinux2014_x86_64.whl", hash = "sha256:034abd6f3db8b9880aaee98f4f5d4dbec7c4829938463ec046517220b2f8574e"},
    {file = "pandas-2.3.0-cp310-cp310-musllinux_1_2_aarch64.whl", hash = "sha256:23c2b2dc5213810208ca0b80b8666670eb4660bbfd9d45f58592cc4ddcfd62e1"},
    {file = "pandas-2.3.0-cp310-cp310-musllinux_1_2_x86_64.whl", hash = "sha256:39ff73ec07be5e90330cc6ff5705c651ace83374189dcdcb46e6ff54b4a72cd6"},
    {file = "pandas-2.3.0-cp310-cp310-win_amd64.whl", hash = "sha256:40cecc4ea5abd2921682b57532baea5588cc5f80f0231c624056b146887274d2"},
    {file = "pandas-2.3.0-cp311-cp311-macosx_10_9_x86_64.whl", hash = "sha256:8adff9f138fc614347ff33812046787f7d43b3cef7c0f0171b3340cae333f6ca"},
    {file = "pandas-2.3.0-cp311-cp311-macosx_11_0_arm64.whl", hash = "sha256:e5f08eb9a445d07720776df6e641975665c9ea12c9d8a331e0f6890f2dcd76ef"},
    {file = "pandas-2.3.0-cp311-cp311-manylinux_2_17_aarch64.manylinux2014_aarch64.whl", hash = "sha256:fa35c266c8cd1a67d75971a1912b185b492d257092bdd2709bbdebe574ed228d"},
    {file = "pandas-2.3.0-cp311-cp311-manylinux_2_17_x86_64.manylinux2014_x86_64.whl", hash = "sha256:14a0cc77b0f089d2d2ffe3007db58f170dae9b9f54e569b299db871a3ab5bf46"},
    {file = "pandas-2.3.0-cp311-cp311-musllinux_1_2_aarch64.whl", hash = "sha256:c06f6f144ad0a1bf84699aeea7eff6068ca5c63ceb404798198af7eb86082e33"},
    {file = "pandas-2.3.0-cp311-cp311-musllinux_1_2_x86_64.whl", hash = "sha256:ed16339bc354a73e0a609df36d256672c7d296f3f767ac07257801aa064ff73c"},
    {file = "pandas-2.3.0-cp311-cp311-win_amd64.whl", hash = "sha256:fa07e138b3f6c04addfeaf56cc7fdb96c3b68a3fe5e5401251f231fce40a0d7a"},
    {file = "pandas-2.3.0-cp312-cp312-macosx_10_13_x86_64.whl", hash = "sha256:2eb4728a18dcd2908c7fccf74a982e241b467d178724545a48d0caf534b38ebf"},
    {file = "pandas-2.3.0-cp312-cp312-macosx_11_0_arm64.whl", hash = "sha256:b9d8c3187be7479ea5c3d30c32a5d73d62a621166675063b2edd21bc47614027"},
    {file = "pandas-2.3.0-cp312-cp312-manylinux_2_17_aarch64.manylinux2014_aarch64.whl", hash = "sha256:9ff730713d4c4f2f1c860e36c005c7cefc1c7c80c21c0688fd605aa43c9fcf09"},
    {file = "pandas-2.3.0-cp312-cp312-manylinux_2_17_x86_64.manylinux2014_x86_64.whl", hash = "sha256:ba24af48643b12ffe49b27065d3babd52702d95ab70f50e1b34f71ca703e2c0d"},
    {file = "pandas-2.3.0-cp312-cp312-musllinux_1_2_aarch64.whl", hash = "sha256:404d681c698e3c8a40a61d0cd9412cc7364ab9a9cc6e144ae2992e11a2e77a20"},
    {file = "pandas-2.3.0-cp312-cp312-musllinux_1_2_x86_64.whl", hash = "sha256:6021910b086b3ca756755e86ddc64e0ddafd5e58e076c72cb1585162e5ad259b"},
    {file = "pandas-2.3.0-cp312-cp312-win_amd64.whl", hash = "sha256:094e271a15b579650ebf4c5155c05dcd2a14fd4fdd72cf4854b2f7ad31ea30be"},
    {file = "pandas-2.3.0-cp313-cp313-macosx_10_13_x86_64.whl", hash = "sha256:2c7e2fc25f89a49a11599ec1e76821322439d90820108309bf42130d2f36c983"},
    {file = "pandas-2.3.0-cp313-cp313-macosx_11_0_arm64.whl", hash = "sha256:c6da97aeb6a6d233fb6b17986234cc723b396b50a3c6804776351994f2a658fd"},
    {file = "pandas-2.3.0-cp313-cp313-manylinux_2_17_aarch64.manylinux2014_aarch64.whl", hash = "sha256:bb32dc743b52467d488e7a7c8039b821da2826a9ba4f85b89ea95274f863280f"},
    {file = "pandas-2.3.0-cp313-cp313-manylinux_2_17_x86_64.manylinux2014_x86_64.whl", hash = "sha256:213cd63c43263dbb522c1f8a7c9d072e25900f6975596f883f4bebd77295d4f3"},
    {file = "pandas-2.3.0-cp313-cp313-musllinux_1_2_aarch64.whl", hash = "sha256:1d2b33e68d0ce64e26a4acc2e72d747292084f4e8db4c847c6f5f6cbe56ed6d8"},
    {file = "pandas-2.3.0-cp313-cp313-musllinux_1_2_x86_64.whl", hash = "sha256:430a63bae10b5086995db1b02694996336e5a8ac9a96b4200572b413dfdfccb9"},
    {file = "pandas-2.3.0-cp313-cp313-win_amd64.whl", hash = "sha256:4930255e28ff5545e2ca404637bcc56f031893142773b3468dc021c6c32a1390"},
    {file = "pandas-2.3.0-cp313-cp313t-macosx_10_13_x86_64.whl", hash = "sha256:f925f1ef673b4bd0271b1809b72b3270384f2b7d9d14a189b12b7fc02574d575"},
    {file = "pandas-2.3.0-cp313-cp313t-macosx_11_0_arm64.whl", hash = "sha256:e78ad363ddb873a631e92a3c063ade1ecfb34cae71e9a2be6ad100f875ac1042"},
    {file = "pandas-2.3.0-cp313-cp313t-manylinux_2_17_aarch64.manylinux2014_aarch64.whl", hash = "sha256:951805d146922aed8357e4cc5671b8b0b9be1027f0619cea132a9f3f65f2f09c"},
    {file = "pandas-2.3.0-cp313-cp313t-manylinux_2_17_x86_64.manylinux2014_x86_64.whl", hash = "sha256:1a881bc1309f3fce34696d07b00f13335c41f5f5a8770a33b09ebe23261cfc67"},
    {file = "pandas-2.3.0-cp313-cp313t-musllinux_1_2_aarch64.whl", hash = "sha256:e1991bbb96f4050b09b5f811253c4f3cf05ee89a589379aa36cd623f21a31d6f"},
    {file = "pandas-2.3.0-cp313-cp313t-musllinux_1_2_x86_64.whl", hash = "sha256:bb3be958022198531eb7ec2008cfc78c5b1eed51af8600c6c5d9160d89d8d249"},
    {file = "pandas-2.3.0-cp39-cp39-macosx_10_9_x86_64.whl", hash = "sha256:9efc0acbbffb5236fbdf0409c04edce96bec4bdaa649d49985427bd1ec73e085"},
    {file = "pandas-2.3.0-cp39-cp39-macosx_11_0_arm64.whl", hash = "sha256:75651c14fde635e680496148a8526b328e09fe0572d9ae9b638648c46a544ba3"},
    {file = "pandas-2.3.0-cp39-cp39-manylinux_2_17_aarch64.manylinux2014_aarch64.whl", hash = "sha256:bf5be867a0541a9fb47a4be0c5790a4bccd5b77b92f0a59eeec9375fafc2aa14"},
    {file = "pandas-2.3.0-cp39-cp39-manylinux_2_17_x86_64.manylinux2014_x86_64.whl", hash = "sha256:84141f722d45d0c2a89544dd29d35b3abfc13d2250ed7e68394eda7564bd6324"},
    {file = "pandas-2.3.0-cp39-cp39-musllinux_1_2_aarch64.whl", hash = "sha256:f95a2aef32614ed86216d3c450ab12a4e82084e8102e355707a1d96e33d51c34"},
    {file = "pandas-2.3.0-cp39-cp39-musllinux_1_2_x86_64.whl", hash = "sha256:e0f51973ba93a9f97185049326d75b942b9aeb472bec616a129806facb129ebb"},
    {file = "pandas-2.3.0-cp39-cp39-win_amd64.whl", hash = "sha256:b198687ca9c8529662213538a9bb1e60fa0bf0f6af89292eb68fea28743fcd5a"},
    {file = "pandas-2.3.0.tar.gz", hash = "sha256:34600ab34ebf1131a7613a260a61dbe8b62c188ec0ea4c296da7c9a06b004133"},
]

[package.dependencies]
numpy = [
    {version = ">=1.23.2", markers = "python_version == \"3.11\""},
    {version = ">=1.26.0", markers = "python_version >= \"3.12\""},
]
python-dateutil = ">=2.8.2"
pytz = ">=2020.1"
tzdata = ">=2022.7"

[package.extras]
all = ["PyQt5 (>=5.15.9)", "SQLAlchemy (>=2.0.0)", "adbc-driver-postgresql (>=0.8.0)", "adbc-driver-sqlite (>=0.8.0)", "beautifulsoup4 (>=4.11.2)", "bottleneck (>=1.3.6)", "dataframe-api-compat (>=0.1.7)", "fastparquet (>=2022.12.0)", "fsspec (>=2022.11.0)", "gcsfs (>=2022.11.0)", "html5lib (>=1.1)", "hypothesis (>=6.46.1)", "jinja2 (>=3.1.2)", "lxml (>=4.9.2)", "matplotlib (>=3.6.3)", "numba (>=0.56.4)", "numexpr (>=2.8.4)", "odfpy (>=1.4.1)", "openpyxl (>=3.1.0)", "pandas-gbq (>=0.19.0)", "psycopg2 (>=2.9.6)", "pyarrow (>=10.0.1)", "pymysql (>=1.0.2)", "pyreadstat (>=1.2.0)", "pytest (>=7.3.2)", "pytest-xdist (>=2.2.0)", "python-calamine (>=0.1.7)", "pyxlsb (>=1.0.10)", "qtpy (>=2.3.0)", "s3fs (>=2022.11.0)", "scipy (>=1.10.0)", "tables (>=3.8.0)", "tabulate (>=0.9.0)", "xarray (>=2022.12.0)", "xlrd (>=2.0.1)", "xlsxwriter (>=3.0.5)", "zstandard (>=0.19.0)"]
aws = ["s3fs (>=2022.11.0)"]
clipboard = ["PyQt5 (>=5.15.9)", "qtpy (>=2.3.0)"]
compression = ["zstandard (>=0.19.0)"]
computation = ["scipy (>=1.10.0)", "xarray (>=2022.12.0)"]
consortium-standard = ["dataframe-api-compat (>=0.1.7)"]
excel = ["odfpy (>=1.4.1)", "openpyxl (>=3.1.0)", "python-calamine (>=0.1.7)", "pyxlsb (>=1.0.10)", "xlrd (>=2.0.1)", "xlsxwriter (>=3.0.5)"]
feather = ["pyarrow (>=10.0.1)"]
fss = ["fsspec (>=2022.11.0)"]
gcp = ["gcsfs (>=2022.11.0)", "pandas-gbq (>=0.19.0)"]
hdf5 = ["tables (>=3.8.0)"]
html = ["beautifulsoup4 (>=4.11.2)", "html5lib (>=1.1)", "lxml (>=4.9.2)"]
mysql = ["SQLAlchemy (>=2.0.0)", "pymysql (>=1.0.2)"]
output-formatting = ["jinja2 (>=3.1.2)", "tabulate (>=0.9.0)"]
parquet = ["pyarrow (>=10.0.1)"]
performance = ["bottleneck (>=1.3.6)", "numba (>=0.56.4)", "numexpr (>=2.8.4)"]
plot = ["matplotlib (>=3.6.3)"]
postgresql = ["SQLAlchemy (>=2.0.0)", "adbc-driver-postgresql (>=0.8.0)", "psycopg2 (>=2.9.6)"]
pyarrow = ["pyarrow (>=10.0.1)"]
spss = ["pyreadstat (>=1.2.0)"]
sql-other = ["SQLAlchemy (>=2.0.0)", "adbc-driver-postgresql (>=0.8.0)", "adbc-driver-sqlite (>=0.8.0)"]
test = ["hypothesis (>=6.46.1)", "pytest (>=7.3.2)", "pytest-xdist (>=2.2.0)"]
xml = ["lxml (>=4.9.2)"]

[[package]]
name = "preflibtools"
version = "2.0.33"
description = "A set of tools to work with preference data from the PrefLib.org website."
optional = false
python-versions = ">=3.7"
groups = ["main"]
files = [
    {file = "preflibtools-2.0.33-py3-none-any.whl", hash = "sha256:59c8a5c4d7de9a698f4cc349aad74ee121db6df44ed563bbc32d90ef54778d01"},
    {file = "preflibtools-2.0.33.tar.gz", hash = "sha256:949cfc2857fe4fce8d402615281ac0c9ca68e6546d473527fa610698fb89951f"},
]

[package.dependencies]
numpy = "*"
prefsampling = ">=0.1.7"
pulp = "*"

[package.extras]
dev = ["Sphinx", "coverage", "pytest", "sphinx_rtd_theme"]

[[package]]
name = "prefsampling"
version = "0.1.24"
description = "Algorithms to sample preferences of all kinds."
optional = false
python-versions = ">=3.7"
groups = ["main"]
files = [
    {file = "prefsampling-0.1.24-py3-none-any.whl", hash = "sha256:d416b08d7c093c9613334054bc96f39d224fdb951880e21eee3ff2599bc9d1c0"},
    {file = "prefsampling-0.1.24.tar.gz", hash = "sha256:b281fe51c408e59cae27ff89ba913d306510c21bbe504f57cbac19917943fb13"},
]

[package.dependencies]
numpy = "*"

[package.extras]
dev = ["Sphinx", "coverage", "matplotlib", "pandas", "scipy", "seaborn", "sphinx-book-theme", "sphinxcontrib-napoleon", "unittest2"]

[[package]]
name = "pulp"
version = "2.9.0"
description = "PuLP is an LP modeler written in python. PuLP can generate MPS or LP files and call GLPK, COIN CLP/CBC, CPLEX, and GUROBI to solve linear problems."
optional = false
python-versions = ">=3.7"
groups = ["main"]
files = [
    {file = "PuLP-2.9.0-py3-none-any.whl", hash = "sha256:ad6a9b566d8458f4d05f4bfe2cea59e32885dd1da6929a361be579222107987c"},
    {file = "pulp-2.9.0.tar.gz", hash = "sha256:2e30e6c0ef2c0edac185220e3e53faca62eb786a9bd68465208f05bc63e850f3"},
]

[[package]]
name = "pycparser"
version = "2.22"
description = "C parser in Python"
optional = false
python-versions = ">=3.8"
groups = ["main"]
files = [
    {file = "pycparser-2.22-py3-none-any.whl", hash = "sha256:c3702b6d3dd8c7abc1afa565d7e63d53a1d0bd86cdc24edd75470f4de499cfcc"},
    {file = "pycparser-2.22.tar.gz", hash = "sha256:491c8be9c040f5390f5bf44a5b07752bd07f56edf992381b05c701439eec10f6"},
]

[[package]]
name = "python-dateutil"
version = "2.9.0.post0"
description = "Extensions to the standard Python datetime module"
optional = false
python-versions = "!=3.0.*,!=3.1.*,!=3.2.*,>=2.7"
groups = ["main"]
files = [
    {file = "python-dateutil-2.9.0.post0.tar.gz", hash = "sha256:37dd54208da7e1cd875388217d5e00ebd4179249f90fb72437e91a35459a0ad3"},
    {file = "python_dateutil-2.9.0.post0-py2.py3-none-any.whl", hash = "sha256:a8b2bc7bffae282281c8140a97d3aa9c14da0b136dfe83f850eea9a5f7470427"},
]

[package.dependencies]
six = ">=1.5"

[[package]]
name = "pytz"
version = "2025.2"
description = "World timezone definitions, modern and historical"
optional = false
python-versions = "*"
groups = ["main"]
files = [
    {file = "pytz-2025.2-py2.py3-none-any.whl", hash = "sha256:5ddf76296dd8c44c26eb8f4b6f35488f3ccbf6fbbd7adee0b7262d43f0ec2f00"},
    {file = "pytz-2025.2.tar.gz", hash = "sha256:360b9e3dbb49a209c21ad61809c7fb453643e048b38924c765813546746e81c3"},
]

[[package]]
name = "six"
version = "1.17.0"
description = "Python 2 and 3 compatibility utilities"
optional = false
python-versions = "!=3.0.*,!=3.1.*,!=3.2.*,>=2.7"
groups = ["main"]
files = [
    {file = "six-1.17.0-py2.py3-none-any.whl", hash = "sha256:4721f391ed90541fddacab5acf947aa0d3dc7d27b2e1e8eda2be8970586c3274"},
    {file = "six-1.17.0.tar.gz", hash = "sha256:ff70335d468e7eb6ec65b95b99d3a2836546063f63acc5171de367e834932a81"},
]

[[package]]
name = "tabulate"
version = "0.9.0"
description = "Pretty-print tabular data"
optional = false
python-versions = ">=3.7"
groups = ["main"]
files = [
    {file = "tabulate-0.9.0-py3-none-any.whl", hash = "sha256:024ca478df22e9340661486f85298cff5f6dcdba14f3813e8830015b9ed1948f"},
    {file = "tabulate-0.9.0.tar.gz", hash = "sha256:0095b12bf5966de529c0feb1fa08671671b3368eec77d7ef7ab114be2c068b3c"},
]

[package.extras]
widechars = ["wcwidth"]

[[package]]
name = "tzdata"
version = "2025.2"
description = "Provider of IANA time zone data"
optional = false
python-versions = ">=2"
groups = ["main"]
files = [
    {file = "tzdata-2025.2-py2.py3-none-any.whl", hash = "sha256:1a403fada01ff9221ca8044d701868fa132215d84beb92242d9acd2147f667a8"},
    {file = "tzdata-2025.2.tar.gz", hash = "sha256:b60a638fcc0daffadf82fe0f57e53d06bdec2f36c4df66280ae79bce6bd6f2b9"},
]

[metadata]
lock-version = "2.1"
python-versions = ">=3.11,<3.13"
content-hash = "fcd0bbc7835fb38393d2d641231271db5d2326d91e3f9acab010b029bbf88ead"
