# This file is automatically @generated by Poetry 2.1.1 and should not be changed by hand.

[[package]]
name = "colorama"
version = "0.4.6"
description = "Cross-platform colored terminal text."
optional = false
python-versions = "!=3.0.*,!=3.1.*,!=3.2.*,!=3.3.*,!=3.4.*,!=3.5.*,!=3.6.*,>=2.7"
groups = ["main"]
markers = "sys_platform == \"win32\""
files = [
    {file = "colorama-0.4.6-py2.py3-none-any.whl", hash = "sha256:4f1d9991f5acc0ca119f9d443620b77f9d6b33703e51011c16baf57afb285fc6"},
    {file = "colorama-0.4.6.tar.gz", hash = "sha256:08695f5cb7ed6e0531a20572697297273c47b8cae5a63ffc6d6ed5c201be6e44"},
]

[[package]]
name = "gmpy2"
version = "2.2.1"
description = "gmpy2 interface to GMP, MPFR, and MPC for Python 3.7+"
optional = false
python-versions = ">=3.7"
groups = ["main"]
files = [
    {file = "gmpy2-2.2.1-cp310-cp310-macosx_10_9_x86_64.whl", hash = "sha256:431d599e1542b6e0b3618d3e296702c25215c97fb461d596e27adbe69d765dc6"},
    {file = "gmpy2-2.2.1-cp310-cp310-macosx_11_0_arm64.whl", hash = "sha256:5e51848975837751d1038e82d006e8bb488b179f093ba7fc8a59e1d8a2c61663"},
    {file = "gmpy2-2.2.1-cp310-cp310-manylinux_2_17_i686.manylinux2014_i686.whl", hash = "sha256:89bdf26520b0bf39e148f97a7c9dd17e163637fdcd5fa3699fd70b5e9c246531"},
    {file = "gmpy2-2.2.1-cp310-cp310-manylinux_2_17_x86_64.manylinux2014_x86_64.whl", hash = "sha256:a187cf303b94efb4c8915106406acac16e8dbaa3cdb6e856fa096673c3c02f1b"},
    {file = "gmpy2-2.2.1-cp310-cp310-musllinux_1_2_i686.whl", hash = "sha256:d26806e518dadd9ed6cf57fc5fb67e8e6ca533bd9a77fd079558ffadd57150c8"},
    {file = "gmpy2-2.2.1-cp310-cp310-musllinux_1_2_x86_64.whl", hash = "sha256:416d2f1c4a1af3c00946a8f85b4547ba2bede3903cae3095be12fbc0128f9f5f"},
    {file = "gmpy2-2.2.1-cp310-cp310-win_amd64.whl", hash = "sha256:b3cb0f02570f483d27581ea5659c43df0ff7759aaeb475219e0d9e10e8511a80"},
    {file = "gmpy2-2.2.1-cp311-cp311-macosx_10_9_x86_64.whl", hash = "sha256:98e947491c67523d3147a500f377bb64d0b115e4ab8a12d628fb324bb0e142bf"},
    {file = "gmpy2-2.2.1-cp311-cp311-macosx_11_0_arm64.whl", hash = "sha256:4ccd319a3a87529484167ae1391f937ac4a8724169fd5822bbb541d1eab612b0"},
    {file = "gmpy2-2.2.1-cp311-cp311-manylinux_2_17_i686.manylinux2014_i686.whl", hash = "sha256:827bcd433e5d62f1b732f45e6949419da4a53915d6c80a3c7a5a03d5a783a03a"},
    {file = "gmpy2-2.2.1-cp311-cp311-manylinux_2_17_x86_64.manylinux2014_x86_64.whl", hash = "sha256:b7131231fc96f57272066295c81cbf11b3233a9471659bca29ddc90a7bde9bfa"},
    {file = "gmpy2-2.2.1-cp311-cp311-musllinux_1_2_i686.whl", hash = "sha256:1cc6f2bb68ee00c20aae554e111dc781a76140e00c31e4eda5c8f2d4168ed06c"},
    {file = "gmpy2-2.2.1-cp311-cp311-musllinux_1_2_x86_64.whl", hash = "sha256:ae388fe46e3d20af4675451a4b6c12fc1bb08e6e0e69ee47072638be21bf42d8"},
    {file = "gmpy2-2.2.1-cp311-cp311-win_amd64.whl", hash = "sha256:8b472ee3c123b77979374da2293ebf2c170b88212e173d64213104956d4678fb"},
    {file = "gmpy2-2.2.1-cp312-cp312-macosx_10_9_x86_64.whl", hash = "sha256:90d03a1be1b1ad3944013fae5250316c3f4e6aec45ecdf189a5c7422d640004d"},
    {file = "gmpy2-2.2.1-cp312-cp312-macosx_11_0_arm64.whl", hash = "sha256:bd09dd43d199908c1d1d501c5de842b3bf754f99b94af5b5ef0e26e3b716d2d5"},
    {file = "gmpy2-2.2.1-cp312-cp312-manylinux_2_17_i686.manylinux2014_i686.whl", hash = "sha256:3232859fda3e96fd1aecd6235ae20476ed4506562bcdef6796a629b78bb96acd"},
    {file = "gmpy2-2.2.1-cp312-cp312-manylinux_2_17_x86_64.manylinux2014_x86_64.whl", hash = "sha256:30fba6f7cf43fb7f8474216701b5aaddfa5e6a06d560e88a67f814062934e863"},
    {file = "gmpy2-2.2.1-cp312-cp312-musllinux_1_2_i686.whl", hash = "sha256:9b33cae533ede8173bc7d4bb855b388c5b636ca9f22a32c949f2eb7e0cc531b2"},
    {file = "gmpy2-2.2.1-cp312-cp312-musllinux_1_2_x86_64.whl", hash = "sha256:954e7e1936c26e370ca31bbd49729ebeeb2006a8f9866b1e778ebb89add2e941"},
    {file = "gmpy2-2.2.1-cp312-cp312-win_amd64.whl", hash = "sha256:c929870137b20d9c3f7dd97f43615b2d2c1a2470e50bafd9a5eea2e844f462e9"},
    {file = "gmpy2-2.2.1-cp313-cp313-macosx_10_9_x86_64.whl", hash = "sha256:a3859ef1706bc631ee7fbdf3ae0367da1709fae1e2538b0e1bc6c53fa3ee7ef4"},
    {file = "gmpy2-2.2.1-cp313-cp313-macosx_11_0_arm64.whl", hash = "sha256:6468fc604d5a322fe037b8880848eef2fef7e9f843872645c4c11eef276896ad"},
    {file = "gmpy2-2.2.1-cp313-cp313-manylinux_2_17_i686.manylinux2014_i686.whl", hash = "sha256:a845a7701217da4ff81a2e4ae8df479e904621b7953d3a6b4ca0ff139f1fa71f"},
    {file = "gmpy2-2.2.1-cp313-cp313-manylinux_2_17_x86_64.manylinux2014_x86_64.whl", hash = "sha256:c0b1e14ef1793a1e0176e7b54b29b44c1d93cf8699ca8e4a93ed53fdd16e2c52"},
    {file = "gmpy2-2.2.1-cp313-cp313-musllinux_1_2_i686.whl", hash = "sha256:13b0e00170c14ed4cd1e007cc6f1bcb3417b5677d2ef964d46959a1833aa84ab"},
    {file = "gmpy2-2.2.1-cp313-cp313-musllinux_1_2_x86_64.whl", hash = "sha256:831280e3943897ae6bf69ebd868dc6de2a46c078230b9f2a9f66b4ad793d0440"},
    {file = "gmpy2-2.2.1-cp313-cp313-win_amd64.whl", hash = "sha256:74235fcce8a1bee207bf8d43955cb04563f71ba8231a3bbafc6dd7869503d05c"},
    {file = "gmpy2-2.2.1-cp37-cp37m-macosx_10_9_x86_64.whl", hash = "sha256:67aa03a50ad85687193174875a72e145114946fc3aa64b1c9d4a724b70afc18d"},
    {file = "gmpy2-2.2.1-cp37-cp37m-manylinux_2_17_i686.manylinux2014_i686.whl", hash = "sha256:1854e35312088608880139d06326683a56d7547d68a5817f472ac9046920b7c8"},
    {file = "gmpy2-2.2.1-cp37-cp37m-manylinux_2_17_x86_64.manylinux2014_x86_64.whl", hash = "sha256:3c35081bc42741fe5d491cffcff2c71107970b85b6687e6b0001db5fcc70d644"},
    {file = "gmpy2-2.2.1-cp37-cp37m-musllinux_1_2_i686.whl", hash = "sha256:152e8aaec5046fd4887e45719ab5ea5fac90df0077574c79fc124dc93fd237c0"},
    {file = "gmpy2-2.2.1-cp37-cp37m-musllinux_1_2_x86_64.whl", hash = "sha256:31826f502cd575898ef1fd5959b48114b3e91540385491ab9303ffa04d88a6eb"},
    {file = "gmpy2-2.2.1-cp37-cp37m-win_amd64.whl", hash = "sha256:98f5c85177225f91b93caf64e1876e081108c5dd1d53f0b79f917561935fb389"},
    {file = "gmpy2-2.2.1-cp38-cp38-macosx_10_9_x86_64.whl", hash = "sha256:235f69d2e83d7418252871f1950bf8fb8e80bf2e572c30859c85d7ee14196f3d"},
    {file = "gmpy2-2.2.1-cp38-cp38-macosx_11_0_arm64.whl", hash = "sha256:5079db302762e2669e0d664ea8fb56f46509514dd0387d98951e399838d9bb07"},
    {file = "gmpy2-2.2.1-cp38-cp38-manylinux_2_17_i686.manylinux2014_i686.whl", hash = "sha256:e387faa6e860424a934ac23152803202980bd0c30605d8bd180bb015d8b09f75"},
    {file = "gmpy2-2.2.1-cp38-cp38-manylinux_2_17_x86_64.manylinux2014_x86_64.whl", hash = "sha256:887471cf563c5fc96456c404c805fb4a09c7e834123d7725b22f5394a48cff46"},
    {file = "gmpy2-2.2.1-cp38-cp38-musllinux_1_2_i686.whl", hash = "sha256:1adf779213b9bbf4b0270d1dea1822e3865c433ae02d4b97d20db8be8532e2f8"},
    {file = "gmpy2-2.2.1-cp38-cp38-musllinux_1_2_x86_64.whl", hash = "sha256:2ef74ffffbb16a84243098b51672b584f83baaa53535209639174244863aea8c"},
    {file = "gmpy2-2.2.1-cp38-cp38-win_amd64.whl", hash = "sha256:6699b88068c2af9abaf28cd078c876892a917750d8bee6734d8dfa708312fdf3"},
    {file = "gmpy2-2.2.1-cp39-cp39-macosx_10_9_x86_64.whl", hash = "sha256:623e0f701dc74690d15037951b550160d24d75bf66213fc6642a51ac6a2e055e"},
    {file = "gmpy2-2.2.1-cp39-cp39-macosx_11_0_arm64.whl", hash = "sha256:31b9bfde30478d3b9c85641b4b7146554af16d60320962d79c3e45d724d1281d"},
    {file = "gmpy2-2.2.1-cp39-cp39-manylinux_2_17_i686.manylinux2014_i686.whl", hash = "sha256:674da3d7aeb7dbde52abc0adc0a285bf1b2f3d142779dad15acdbdb819fe9bc2"},
    {file = "gmpy2-2.2.1-cp39-cp39-manylinux_2_17_x86_64.manylinux2014_x86_64.whl", hash = "sha256:23505c2ab66734f8a1b1fc5c4c1f8bbbd489bb02eef5940bbd974de69f2ddc2d"},
    {file = "gmpy2-2.2.1-cp39-cp39-musllinux_1_2_i686.whl", hash = "sha256:99f515dbd242cb07bf06e71c93e69c99a703ad55a22f5deac198256fd1c305ed"},
    {file = "gmpy2-2.2.1-cp39-cp39-musllinux_1_2_x86_64.whl", hash = "sha256:1c2daa0bb603734e6bee6245e275e57ed305a08da50dc3ce7b48eedece61216c"},
    {file = "gmpy2-2.2.1-cp39-cp39-win_amd64.whl", hash = "sha256:fbe36fcc45a591d4ef30fe38ac8db0afa35edfafdf325dbe4fe9162ceb264c0d"},
    {file = "gmpy2-2.2.1.tar.gz", hash = "sha256:e83e07567441b78cb87544910cb3cc4fe94e7da987e93ef7622e76fb96650432"},
]

[package.extras]
docs = ["sphinx (>=4)", "sphinx-rtd-theme (>=1)"]
tests = ["cython", "hypothesis", "mpmath", "pytest", "setuptools"]

[[package]]
name = "iniconfig"
version = "2.1.0"
description = "brain-dead simple config-ini parsing"
optional = false
python-versions = ">=3.8"
groups = ["main"]
files = [
    {file = "iniconfig-2.1.0-py3-none-any.whl", hash = "sha256:9deba5723312380e77435581c6bf4935c94cbfab9b1ed33ef8d238ea168eb760"},
    {file = "iniconfig-2.1.0.tar.gz", hash = "sha256:3abbd2e30b36733fee78f9c7f7308f2d0050e88f0087fd25c2645f63c773e1c7"},
]

[[package]]
name = "muoblp"
version = "1.0.2"
description = "Implementation of multi objective linear programming module"
optional = false
python-versions = ">=3.11"
groups = ["main"]
files = [
    {file = "muoblp-1.0.2-py3-none-any.whl", hash = "sha256:8e7820ec909caa3dc8ff2eea5ad8e6b147c53853c1afceffd034f169943fb5ab"},
    {file = "muoblp-1.0.2.tar.gz", hash = "sha256:473edbb9e3c4e033e109d0068e929be367719feb706641d7facdd04a8297edb9"},
]

[package.dependencies]
pulp = "2.9.0"

[[package]]
name = "muoblpbindings"
version = "0.0.16"
description = ""
optional = false
python-versions = ">=3.11"
groups = ["main"]
files = [
    {file = "muoblpbindings-0.0.16-cp311-cp311-macosx_10_9_x86_64.whl", hash = "sha256:66ca873aea7aa75193263901cde50e077dfd90d3a1bfd6911f1006fd4e775dc1"},
    {file = "muoblpbindings-0.0.16-cp311-cp311-macosx_11_0_arm64.whl", hash = "sha256:6f62e5a63ecb777dfb7455dd0316b2b746f3fabcd0002980e078e5b90da7a593"},
    {file = "muoblpbindings-0.0.16-cp311-cp311-manylinux_2_17_i686.manylinux2014_i686.whl", hash = "sha256:02671e2aa4a54426005d57a0950d31b921e04e807de05f8c4e40890fdea69b5d"},
    {file = "muoblpbindings-0.0.16-cp311-cp311-manylinux_2_17_x86_64.manylinux2014_x86_64.whl", hash = "sha256:fdc32e1a0d1a3979a1742d76d8195b21e31aa1fbac34b0a50c4176e26b5b85b8"},
    {file = "muoblpbindings-0.0.16-cp311-cp311-musllinux_1_2_i686.whl", hash = "sha256:da688868dd9e9d888bf62371618b93cbb3a1eb0a50d45544814ddc205ce8f44e"},
    {file = "muoblpbindings-0.0.16-cp311-cp311-musllinux_1_2_x86_64.whl", hash = "sha256:b1adcad2c3cf86caadacdfab30907c79f91f45b886f410948d49e1dc19bf311e"},
    {file = "muoblpbindings-0.0.16-cp311-cp311-win32.whl", hash = "sha256:48607ab236e07d69b57a43d8923e68c49781dba3b68adfa4399bb8036134767b"},
    {file = "muoblpbindings-0.0.16-cp311-cp311-win_amd64.whl", hash = "sha256:fe91942bbd394d46268d2e5e15acc7dcd5d2ee7b16dc85118be5ae1b91b9b96e"},
    {file = "muoblpbindings-0.0.16-cp311-cp311-win_arm64.whl", hash = "sha256:5b8c0042bf25fc7cf393285a1d52a03e0f87b3a19c30cda5bd64eb5ca7e3cc8d"},
    {file = "muoblpbindings-0.0.16-cp312-cp312-macosx_10_13_x86_64.whl", hash = "sha256:ba97c22398943e8f935819b88cc63bfa7ebcf88fd0121bbebe473f7db4888b63"},
    {file = "muoblpbindings-0.0.16-cp312-cp312-macosx_11_0_arm64.whl", hash = "sha256:ff26bbe42c0a400ad1fb79d2a030484ed52c747cd41c7f078e26113c0b3688a3"},
    {file = "muoblpbindings-0.0.16-cp312-cp312-manylinux_2_17_i686.manylinux2014_i686.whl", hash = "sha256:d1c87537c9f4959d936d7b3aa7cf1fc0ded94e84f57e46b25fe30830bacbc3ca"},
    {file = "muoblpbindings-0.0.16-cp312-cp312-manylinux_2_17_x86_64.manylinux2014_x86_64.whl", hash = "sha256:cfb7ee15d6195fc9eb6ece4bbde3084558196caf12643435618f38306e867325"},
    {file = "muoblpbindings-0.0.16-cp312-cp312-musllinux_1_2_i686.whl", hash = "sha256:d11364ffc68e4496be09e5818eab40b0582d5f41f7775cfdc2a0736e16406268"},
    {file = "muoblpbindings-0.0.16-cp312-cp312-musllinux_1_2_x86_64.whl", hash = "sha256:ef6f2cc853afe5870ab073742bde686fd21de70dc2a0ab63d9ff8f61d5dc4c03"},
    {file = "muoblpbindings-0.0.16-cp312-cp312-win32.whl", hash = "sha256:ea747c4d3c5e9d60a24e8ea4c71c5588508e095559e29f62c1e69e14c6e5bfdc"},
    {file = "muoblpbindings-0.0.16-cp312-cp312-win_amd64.whl", hash = "sha256:5714d254bb66d4cffdf0dde05ca238d0016c7ca30ff267da835bdb7be838acb5"},
    {file = "muoblpbindings-0.0.16-cp312-cp312-win_arm64.whl", hash = "sha256:ff390f5a192d242708e03ecdfc072fb6f5c1e02b01e4ef9976db8dfa045ec174"},
    {file = "muoblpbindings-0.0.16-cp313-cp313-macosx_10_13_x86_64.whl", hash = "sha256:1c5da437adad9da096425bc2f4f1e82ab7f933aca85e1c2b9083a321b6a35fea"},
    {file = "muoblpbindings-0.0.16-cp313-cp313-macosx_11_0_arm64.whl", hash = "sha256:763e22ab7b9f588a717bdea7825407c0b58552c48f6a2058d387a71d57c941fe"},
    {file = "muoblpbindings-0.0.16-cp313-cp313-manylinux_2_17_i686.manylinux2014_i686.whl", hash = "sha256:d0c250b4558572728e5536c2f5572d3e40051017c957967357bd643cd7426df9"},
    {file = "muoblpbindings-0.0.16-cp313-cp313-manylinux_2_17_x86_64.manylinux2014_x86_64.whl", hash = "sha256:78cd92288c8265e81bf2549ec3b6d79a63a92b6093af9164c9abfac60379ac38"},
    {file = "muoblpbindings-0.0.16-cp313-cp313-musllinux_1_2_i686.whl", hash = "sha256:47234361507aa6595140c02ca690336ea342e45ede3e74b1d5cde55d9dbee2c5"},
    {file = "muoblpbindings-0.0.16-cp313-cp313-musllinux_1_2_x86_64.whl", hash = "sha256:f3f5e76a94e8e6882d53a716a48169e6ef703a726a31a665c48bd1f713daf972"},
    {file = "muoblpbindings-0.0.16-cp313-cp313-win32.whl", hash = "sha256:f0dd597fc4b8040d424005235a0e09da11d0a808f3686d4c79d4d95d0bd2ff51"},
    {file = "muoblpbindings-0.0.16-cp313-cp313-win_amd64.whl", hash = "sha256:5c30c5aa78298d5ec25e29d786e8ae6a24b72e62324435051966e158d63b0d89"},
    {file = "muoblpbindings-0.0.16-cp313-cp313-win_arm64.whl", hash = "sha256:c21bd8335803b9853879782a7789639363f24e341b5da9b4dd418a5a280f6735"},
    {file = "muoblpbindings-0.0.16-pp311-pypy311_pp73-macosx_10_15_x86_64.whl", hash = "sha256:5d36444045319817755e8c3289707c59db79effdffb7d16a9072f9996c24227e"},
    {file = "muoblpbindings-0.0.16-pp311-pypy311_pp73-macosx_11_0_arm64.whl", hash = "sha256:6f4cd86e9a2f18c17d5435948c9a249f96eee28c8459c1c128e4c90047480bc4"},
    {file = "muoblpbindings-0.0.16-pp311-pypy311_pp73-manylinux_2_17_i686.manylinux2014_i686.whl", hash = "sha256:1b4c3311c81b9e4a5d36d3c383c9219131f92b6f2e685ca565943c58816f820b"},
    {file = "muoblpbindings-0.0.16-pp311-pypy311_pp73-manylinux_2_17_x86_64.manylinux2014_x86_64.whl", hash = "sha256:3f429f60d79de03fd2787d20a47deb134302f848ec2039c58bf9d29c4fb16121"},
    {file = "muoblpbindings-0.0.16-pp311-pypy311_pp73-win_amd64.whl", hash = "sha256:c8eb54cead734aa1585a7362b868716d40dd0e2e1d259b0d1fa649f569f3406b"},
    {file = "muoblpbindings-0.0.16.tar.gz", hash = "sha256:7a209279f75c67b6af19c535338fa0f697040e460eae5e358d5e816361e16b27"},
]

[[package]]
name = "muoblpsolvers"
version = "0.0.11"
description = "Solvers for multi objective linear programming"
optional = false
python-versions = ">=3.11"
groups = ["main"]
files = []
develop = true

[package.dependencies]
muoblp = "1.0.2"
muoblpbindings = "0.0.16"
pulp = "2.9.0"
pytest = "8.4.1"

[package.source]
type = "directory"
url = "../solvers"

[[package]]
name = "natsort"
version = "8.4.0"
description = "Simple yet flexible natural sorting in Python."
optional = false
python-versions = ">=3.7"
groups = ["main"]
files = [
    {file = "natsort-8.4.0-py3-none-any.whl", hash = "sha256:4732914fb471f56b5cce04d7bae6f164a592c7712e1c85f9ef585e197299521c"},
    {file = "natsort-8.4.0.tar.gz", hash = "sha256:45312c4a0e5507593da193dedd04abb1469253b601ecaf63445ad80f0a1ea581"},
]

[package.extras]
fast = ["fastnumbers (>=2.0.0)"]
icu = ["PyICU (>=1.0.0)"]

[[package]]
name = "numpy"
version = "2.3.2"
description = "Fundamental package for array computing in Python"
optional = false
python-versions = ">=3.11"
groups = ["main"]
files = [
    {file = "numpy-2.3.2-cp311-cp311-macosx_10_9_x86_64.whl", hash = "sha256:852ae5bed3478b92f093e30f785c98e0cb62fa0a939ed057c31716e18a7a22b9"},
    {file = "numpy-2.3.2-cp311-cp311-macosx_11_0_arm64.whl", hash = "sha256:7a0e27186e781a69959d0230dd9909b5e26024f8da10683bd6344baea1885168"},
    {file = "numpy-2.3.2-cp311-cp311-macosx_14_0_arm64.whl", hash = "sha256:f0a1a8476ad77a228e41619af2fa9505cf69df928e9aaa165746584ea17fed2b"},
    {file = "numpy-2.3.2-cp311-cp311-macosx_14_0_x86_64.whl", hash = "sha256:cbc95b3813920145032412f7e33d12080f11dc776262df1712e1638207dde9e8"},
    {file = "numpy-2.3.2-cp311-cp311-manylinux_2_27_aarch64.manylinux_2_28_aarch64.whl", hash = "sha256:f75018be4980a7324edc5930fe39aa391d5734531b1926968605416ff58c332d"},
    {file = "numpy-2.3.2-cp311-cp311-manylinux_2_27_x86_64.manylinux_2_28_x86_64.whl", hash = "sha256:20b8200721840f5621b7bd03f8dcd78de33ec522fc40dc2641aa09537df010c3"},
    {file = "numpy-2.3.2-cp311-cp311-musllinux_1_2_aarch64.whl", hash = "sha256:1f91e5c028504660d606340a084db4b216567ded1056ea2b4be4f9d10b67197f"},
    {file = "numpy-2.3.2-cp311-cp311-musllinux_1_2_x86_64.whl", hash = "sha256:fb1752a3bb9a3ad2d6b090b88a9a0ae1cd6f004ef95f75825e2f382c183b2097"},
    {file = "numpy-2.3.2-cp311-cp311-win32.whl", hash = "sha256:4ae6863868aaee2f57503c7a5052b3a2807cf7a3914475e637a0ecd366ced220"},
    {file = "numpy-2.3.2-cp311-cp311-win_amd64.whl", hash = "sha256:240259d6564f1c65424bcd10f435145a7644a65a6811cfc3201c4a429ba79170"},
    {file = "numpy-2.3.2-cp311-cp311-win_arm64.whl", hash = "sha256:4209f874d45f921bde2cff1ffcd8a3695f545ad2ffbef6d3d3c6768162efab89"},
    {file = "numpy-2.3.2-cp312-cp312-macosx_10_13_x86_64.whl", hash = "sha256:bc3186bea41fae9d8e90c2b4fb5f0a1f5a690682da79b92574d63f56b529080b"},
    {file = "numpy-2.3.2-cp312-cp312-macosx_11_0_arm64.whl", hash = "sha256:2f4f0215edb189048a3c03bd5b19345bdfa7b45a7a6f72ae5945d2a28272727f"},
    {file = "numpy-2.3.2-cp312-cp312-macosx_14_0_arm64.whl", hash = "sha256:8b1224a734cd509f70816455c3cffe13a4f599b1bf7130f913ba0e2c0b2006c0"},
    {file = "numpy-2.3.2-cp312-cp312-macosx_14_0_x86_64.whl", hash = "sha256:3dcf02866b977a38ba3ec10215220609ab9667378a9e2150615673f3ffd6c73b"},
    {file = "numpy-2.3.2-cp312-cp312-manylinux_2_27_aarch64.manylinux_2_28_aarch64.whl", hash = "sha256:572d5512df5470f50ada8d1972c5f1082d9a0b7aa5944db8084077570cf98370"},
    {file = "numpy-2.3.2-cp312-cp312-manylinux_2_27_x86_64.manylinux_2_28_x86_64.whl", hash = "sha256:8145dd6d10df13c559d1e4314df29695613575183fa2e2d11fac4c208c8a1f73"},
    {file = "numpy-2.3.2-cp312-cp312-musllinux_1_2_aarch64.whl", hash = "sha256:103ea7063fa624af04a791c39f97070bf93b96d7af7eb23530cd087dc8dbe9dc"},
    {file = "numpy-2.3.2-cp312-cp312-musllinux_1_2_x86_64.whl", hash = "sha256:fc927d7f289d14f5e037be917539620603294454130b6de200091e23d27dc9be"},
    {file = "numpy-2.3.2-cp312-cp312-win32.whl", hash = "sha256:d95f59afe7f808c103be692175008bab926b59309ade3e6d25009e9a171f7036"},
    {file = "numpy-2.3.2-cp312-cp312-win_amd64.whl", hash = "sha256:9e196ade2400c0c737d93465327d1ae7c06c7cb8a1756121ebf54b06ca183c7f"},
    {file = "numpy-2.3.2-cp312-cp312-win_arm64.whl", hash = "sha256:ee807923782faaf60d0d7331f5e86da7d5e3079e28b291973c545476c2b00d07"},
    {file = "numpy-2.3.2-cp313-cp313-macosx_10_13_x86_64.whl", hash = "sha256:c8d9727f5316a256425892b043736d63e89ed15bbfe6556c5ff4d9d4448ff3b3"},
    {file = "numpy-2.3.2-cp313-cp313-macosx_11_0_arm64.whl", hash = "sha256:efc81393f25f14d11c9d161e46e6ee348637c0a1e8a54bf9dedc472a3fae993b"},
    {file = "numpy-2.3.2-cp313-cp313-macosx_14_0_arm64.whl", hash = "sha256:dd937f088a2df683cbb79dda9a772b62a3e5a8a7e76690612c2737f38c6ef1b6"},
    {file = "numpy-2.3.2-cp313-cp313-macosx_14_0_x86_64.whl", hash = "sha256:11e58218c0c46c80509186e460d79fbdc9ca1eb8d8aee39d8f2dc768eb781089"},
    {file = "numpy-2.3.2-cp313-cp313-manylinux_2_27_aarch64.manylinux_2_28_aarch64.whl", hash = "sha256:5ad4ebcb683a1f99f4f392cc522ee20a18b2bb12a2c1c42c3d48d5a1adc9d3d2"},
    {file = "numpy-2.3.2-cp313-cp313-manylinux_2_27_x86_64.manylinux_2_28_x86_64.whl", hash = "sha256:938065908d1d869c7d75d8ec45f735a034771c6ea07088867f713d1cd3bbbe4f"},
    {file = "numpy-2.3.2-cp313-cp313-musllinux_1_2_aarch64.whl", hash = "sha256:66459dccc65d8ec98cc7df61307b64bf9e08101f9598755d42d8ae65d9a7a6ee"},
    {file = "numpy-2.3.2-cp313-cp313-musllinux_1_2_x86_64.whl", hash = "sha256:a7af9ed2aa9ec5950daf05bb11abc4076a108bd3c7db9aa7251d5f107079b6a6"},
    {file = "numpy-2.3.2-cp313-cp313-win32.whl", hash = "sha256:906a30249315f9c8e17b085cc5f87d3f369b35fedd0051d4a84686967bdbbd0b"},
    {file = "numpy-2.3.2-cp313-cp313-win_amd64.whl", hash = "sha256:c63d95dc9d67b676e9108fe0d2182987ccb0f11933c1e8959f42fa0da8d4fa56"},
    {file = "numpy-2.3.2-cp313-cp313-win_arm64.whl", hash = "sha256:b05a89f2fb84d21235f93de47129dd4f11c16f64c87c33f5e284e6a3a54e43f2"},
    {file = "numpy-2.3.2-cp313-cp313t-macosx_10_13_x86_64.whl", hash = "sha256:4e6ecfeddfa83b02318f4d84acf15fbdbf9ded18e46989a15a8b6995dfbf85ab"},
    {file = "numpy-2.3.2-cp313-cp313t-macosx_11_0_arm64.whl", hash = "sha256:508b0eada3eded10a3b55725b40806a4b855961040180028f52580c4729916a2"},
    {file = "numpy-2.3.2-cp313-cp313t-macosx_14_0_arm64.whl", hash = "sha256:754d6755d9a7588bdc6ac47dc4ee97867271b17cee39cb87aef079574366db0a"},
    {file = "numpy-2.3.2-cp313-cp313t-macosx_14_0_x86_64.whl", hash = "sha256:a9f66e7d2b2d7712410d3bc5684149040ef5f19856f20277cd17ea83e5006286"},
    {file = "numpy-2.3.2-cp313-cp313t-manylinux_2_27_aarch64.manylinux_2_28_aarch64.whl", hash = "sha256:de6ea4e5a65d5a90c7d286ddff2b87f3f4ad61faa3db8dabe936b34c2275b6f8"},
    {file = "numpy-2.3.2-cp313-cp313t-manylinux_2_27_x86_64.manylinux_2_28_x86_64.whl", hash = "sha256:a3ef07ec8cbc8fc9e369c8dcd52019510c12da4de81367d8b20bc692aa07573a"},
    {file = "numpy-2.3.2-cp313-cp313t-musllinux_1_2_aarch64.whl", hash = "sha256:27c9f90e7481275c7800dc9c24b7cc40ace3fdb970ae4d21eaff983a32f70c91"},
    {file = "numpy-2.3.2-cp313-cp313t-musllinux_1_2_x86_64.whl", hash = "sha256:07b62978075b67eee4065b166d000d457c82a1efe726cce608b9db9dd66a73a5"},
    {file = "numpy-2.3.2-cp313-cp313t-win32.whl", hash = "sha256:c771cfac34a4f2c0de8e8c97312d07d64fd8f8ed45bc9f5726a7e947270152b5"},
    {file = "numpy-2.3.2-cp313-cp313t-win_amd64.whl", hash = "sha256:72dbebb2dcc8305c431b2836bcc66af967df91be793d63a24e3d9b741374c450"},
    {file = "numpy-2.3.2-cp313-cp313t-win_arm64.whl", hash = "sha256:72c6df2267e926a6d5286b0a6d556ebe49eae261062059317837fda12ddf0c1a"},
    {file = "numpy-2.3.2-cp314-cp314-macosx_10_13_x86_64.whl", hash = "sha256:448a66d052d0cf14ce9865d159bfc403282c9bc7bb2a31b03cc18b651eca8b1a"},
    {file = "numpy-2.3.2-cp314-cp314-macosx_11_0_arm64.whl", hash = "sha256:546aaf78e81b4081b2eba1d105c3b34064783027a06b3ab20b6eba21fb64132b"},
    {file = "numpy-2.3.2-cp314-cp314-macosx_14_0_arm64.whl", hash = "sha256:87c930d52f45df092f7578889711a0768094debf73cfcde105e2d66954358125"},
    {file = "numpy-2.3.2-cp314-cp314-macosx_14_0_x86_64.whl", hash = "sha256:8dc082ea901a62edb8f59713c6a7e28a85daddcb67454c839de57656478f5b19"},
    {file = "numpy-2.3.2-cp314-cp314-manylinux_2_27_aarch64.manylinux_2_28_aarch64.whl", hash = "sha256:af58de8745f7fa9ca1c0c7c943616c6fe28e75d0c81f5c295810e3c83b5be92f"},
    {file = "numpy-2.3.2-cp314-cp314-manylinux_2_27_x86_64.manylinux_2_28_x86_64.whl", hash = "sha256:fed5527c4cf10f16c6d0b6bee1f89958bccb0ad2522c8cadc2efd318bcd545f5"},
    {file = "numpy-2.3.2-cp314-cp314-musllinux_1_2_aarch64.whl", hash = "sha256:095737ed986e00393ec18ec0b21b47c22889ae4b0cd2d5e88342e08b01141f58"},
    {file = "numpy-2.3.2-cp314-cp314-musllinux_1_2_x86_64.whl", hash = "sha256:b5e40e80299607f597e1a8a247ff8d71d79c5b52baa11cc1cce30aa92d2da6e0"},
    {file = "numpy-2.3.2-cp314-cp314-win32.whl", hash = "sha256:7d6e390423cc1f76e1b8108c9b6889d20a7a1f59d9a60cac4a050fa734d6c1e2"},
    {file = "numpy-2.3.2-cp314-cp314-win_amd64.whl", hash = "sha256:b9d0878b21e3918d76d2209c924ebb272340da1fb51abc00f986c258cd5e957b"},
    {file = "numpy-2.3.2-cp314-cp314-win_arm64.whl", hash = "sha256:2738534837c6a1d0c39340a190177d7d66fdf432894f469728da901f8f6dc910"},
    {file = "numpy-2.3.2-cp314-cp314t-macosx_10_13_x86_64.whl", hash = "sha256:4d002ecf7c9b53240be3bb69d80f86ddbd34078bae04d87be81c1f58466f264e"},
    {file = "numpy-2.3.2-cp314-cp314t-macosx_11_0_arm64.whl", hash = "sha256:293b2192c6bcce487dbc6326de5853787f870aeb6c43f8f9c6496db5b1781e45"},
    {file = "numpy-2.3.2-cp314-cp314t-macosx_14_0_arm64.whl", hash = "sha256:0a4f2021a6da53a0d580d6ef5db29947025ae8b35b3250141805ea9a32bbe86b"},
    {file = "numpy-2.3.2-cp314-cp314t-macosx_14_0_x86_64.whl", hash = "sha256:9c144440db4bf3bb6372d2c3e49834cc0ff7bb4c24975ab33e01199e645416f2"},
    {file = "numpy-2.3.2-cp314-cp314t-manylinux_2_27_aarch64.manylinux_2_28_aarch64.whl", hash = "sha256:f92d6c2a8535dc4fe4419562294ff957f83a16ebdec66df0805e473ffaad8bd0"},
    {file = "numpy-2.3.2-cp314-cp314t-manylinux_2_27_x86_64.manylinux_2_28_x86_64.whl", hash = "sha256:cefc2219baa48e468e3db7e706305fcd0c095534a192a08f31e98d83a7d45fb0"},
    {file = "numpy-2.3.2-cp314-cp314t-musllinux_1_2_aarch64.whl", hash = "sha256:76c3e9501ceb50b2ff3824c3589d5d1ab4ac857b0ee3f8f49629d0de55ecf7c2"},
    {file = "numpy-2.3.2-cp314-cp314t-musllinux_1_2_x86_64.whl", hash = "sha256:122bf5ed9a0221b3419672493878ba4967121514b1d7d4656a7580cd11dddcbf"},
    {file = "numpy-2.3.2-cp314-cp314t-win32.whl", hash = "sha256:6f1ae3dcb840edccc45af496f312528c15b1f79ac318169d094e85e4bb35fdf1"},
    {file = "numpy-2.3.2-cp314-cp314t-win_amd64.whl", hash = "sha256:087ffc25890d89a43536f75c5fe8770922008758e8eeeef61733957041ed2f9b"},
    {file = "numpy-2.3.2-cp314-cp314t-win_arm64.whl", hash = "sha256:092aeb3449833ea9c0bf0089d70c29ae480685dd2377ec9cdbbb620257f84631"},
    {file = "numpy-2.3.2-pp311-pypy311_pp73-macosx_10_15_x86_64.whl", hash = "sha256:14a91ebac98813a49bc6aa1a0dfc09513dcec1d97eaf31ca21a87221a1cdcb15"},
    {file = "numpy-2.3.2-pp311-pypy311_pp73-macosx_11_0_arm64.whl", hash = "sha256:71669b5daae692189540cffc4c439468d35a3f84f0c88b078ecd94337f6cb0ec"},
    {file = "numpy-2.3.2-pp311-pypy311_pp73-macosx_14_0_arm64.whl", hash = "sha256:69779198d9caee6e547adb933941ed7520f896fd9656834c300bdf4dd8642712"},
    {file = "numpy-2.3.2-pp311-pypy311_pp73-macosx_14_0_x86_64.whl", hash = "sha256:2c3271cc4097beb5a60f010bcc1cc204b300bb3eafb4399376418a83a1c6373c"},
    {file = "numpy-2.3.2-pp311-pypy311_pp73-manylinux_2_27_aarch64.manylinux_2_28_aarch64.whl", hash = "sha256:8446acd11fe3dc1830568c941d44449fd5cb83068e5c70bd5a470d323d448296"},
    {file = "numpy-2.3.2-pp311-pypy311_pp73-manylinux_2_27_x86_64.manylinux_2_28_x86_64.whl", hash = "sha256:aa098a5ab53fa407fded5870865c6275a5cd4101cfdef8d6fafc48286a96e981"},
    {file = "numpy-2.3.2-pp311-pypy311_pp73-win_amd64.whl", hash = "sha256:6936aff90dda378c09bea075af0d9c675fe3a977a9d2402f95a87f440f59f619"},
    {file = "numpy-2.3.2.tar.gz", hash = "sha256:e0486a11ec30cdecb53f184d496d1c6a20786c81e55e41640270130056f8ee48"},
]

[[package]]
name = "pabutools"
version = "1.2.2"
description = "Implementation of all the tools necessary to explore and analyse participatory budgeting elections"
optional = false
python-versions = ">=3.9"
groups = ["main"]
files = [
    {file = "pabutools-1.2.2-py3-none-any.whl", hash = "sha256:3b0cf00847ca6abc90e606041093f3e69f4ced1f0e61ec42a17153ab9e498ee2"},
    {file = "pabutools-1.2.2.tar.gz", hash = "sha256:d6cfa717d0edc0440128d6cea2aea3468a84c6a57968ea68e5c887e04da411fe"},
]

[package.dependencies]
gmpy2 = ">=2.1.5"
natsort = "*"
numpy = "*"
preflibtools = ">=2.0.33"
pulp = "*"

[package.extras]
dev = ["Sphinx", "abcvoting", "coverage", "enum-tools", "parameterized", "pyyaml", "sphinx-book-theme", "sphinx-toolbox", "sphinxcontrib-napoleon", "unittest2"]

[[package]]
name = "packaging"
version = "25.0"
description = "Core utilities for Python packages"
optional = false
python-versions = ">=3.8"
groups = ["main"]
files = [
    {file = "packaging-25.0-py3-none-any.whl", hash = "sha256:29572ef2b1f17581046b3a2227d5c611fb25ec70ca1ba8554b24b0e69331a484"},
    {file = "packaging-25.0.tar.gz", hash = "sha256:d443872c98d677bf60f6a1f2f8c1cb748e8fe762d2bf9d3148b5599295b0fc4f"},
]

[[package]]
name = "pandas"
version = "2.3.1"
description = "Powerful data structures for data analysis, time series, and statistics"
optional = false
python-versions = ">=3.9"
groups = ["main"]
files = [
    {file = "pandas-2.3.1-cp310-cp310-macosx_10_9_x86_64.whl", hash = "sha256:22c2e866f7209ebc3a8f08d75766566aae02bcc91d196935a1d9e59c7b990ac9"},
    {file = "pandas-2.3.1-cp310-cp310-macosx_11_0_arm64.whl", hash = "sha256:3583d348546201aff730c8c47e49bc159833f971c2899d6097bce68b9112a4f1"},
    {file = "pandas-2.3.1-cp310-cp310-manylinux_2_17_aarch64.manylinux2014_aarch64.whl", hash = "sha256:0f951fbb702dacd390561e0ea45cdd8ecfa7fb56935eb3dd78e306c19104b9b0"},
    {file = "pandas-2.3.1-cp310-cp310-manylinux_2_17_x86_64.manylinux2014_x86_64.whl", hash = "sha256:cd05b72ec02ebfb993569b4931b2e16fbb4d6ad6ce80224a3ee838387d83a191"},
    {file = "pandas-2.3.1-cp310-cp310-musllinux_1_2_aarch64.whl", hash = "sha256:1b916a627919a247d865aed068eb65eb91a344b13f5b57ab9f610b7716c92de1"},
    {file = "pandas-2.3.1-cp310-cp310-musllinux_1_2_x86_64.whl", hash = "sha256:fe67dc676818c186d5a3d5425250e40f179c2a89145df477dd82945eaea89e97"},
    {file = "pandas-2.3.1-cp310-cp310-win_amd64.whl", hash = "sha256:2eb789ae0274672acbd3c575b0598d213345660120a257b47b5dafdc618aec83"},
    {file = "pandas-2.3.1-cp311-cp311-macosx_10_9_x86_64.whl", hash = "sha256:2b0540963d83431f5ce8870ea02a7430adca100cec8a050f0811f8e31035541b"},
    {file = "pandas-2.3.1-cp311-cp311-macosx_11_0_arm64.whl", hash = "sha256:fe7317f578c6a153912bd2292f02e40c1d8f253e93c599e82620c7f69755c74f"},
    {file = "pandas-2.3.1-cp311-cp311-manylinux_2_17_aarch64.manylinux2014_aarch64.whl", hash = "sha256:e6723a27ad7b244c0c79d8e7007092d7c8f0f11305770e2f4cd778b3ad5f9f85"},
    {file = "pandas-2.3.1-cp311-cp311-manylinux_2_17_x86_64.manylinux2014_x86_64.whl", hash = "sha256:3462c3735fe19f2638f2c3a40bd94ec2dc5ba13abbb032dd2fa1f540a075509d"},
    {file = "pandas-2.3.1-cp311-cp311-musllinux_1_2_aarch64.whl", hash = "sha256:98bcc8b5bf7afed22cc753a28bc4d9e26e078e777066bc53fac7904ddef9a678"},
    {file = "pandas-2.3.1-cp311-cp311-musllinux_1_2_x86_64.whl", hash = "sha256:4d544806b485ddf29e52d75b1f559142514e60ef58a832f74fb38e48d757b299"},
    {file = "pandas-2.3.1-cp311-cp311-win_amd64.whl", hash = "sha256:b3cd4273d3cb3707b6fffd217204c52ed92859533e31dc03b7c5008aa933aaab"},
    {file = "pandas-2.3.1-cp312-cp312-macosx_10_13_x86_64.whl", hash = "sha256:689968e841136f9e542020698ee1c4fbe9caa2ed2213ae2388dc7b81721510d3"},
    {file = "pandas-2.3.1-cp312-cp312-macosx_11_0_arm64.whl", hash = "sha256:025e92411c16cbe5bb2a4abc99732a6b132f439b8aab23a59fa593eb00704232"},
    {file = "pandas-2.3.1-cp312-cp312-manylinux_2_17_aarch64.manylinux2014_aarch64.whl", hash = "sha256:9b7ff55f31c4fcb3e316e8f7fa194566b286d6ac430afec0d461163312c5841e"},
    {file = "pandas-2.3.1-cp312-cp312-manylinux_2_17_x86_64.manylinux2014_x86_64.whl", hash = "sha256:7dcb79bf373a47d2a40cf7232928eb7540155abbc460925c2c96d2d30b006eb4"},
    {file = "pandas-2.3.1-cp312-cp312-musllinux_1_2_aarch64.whl", hash = "sha256:56a342b231e8862c96bdb6ab97170e203ce511f4d0429589c8ede1ee8ece48b8"},
    {file = "pandas-2.3.1-cp312-cp312-musllinux_1_2_x86_64.whl", hash = "sha256:ca7ed14832bce68baef331f4d7f294411bed8efd032f8109d690df45e00c4679"},
    {file = "pandas-2.3.1-cp312-cp312-win_amd64.whl", hash = "sha256:ac942bfd0aca577bef61f2bc8da8147c4ef6879965ef883d8e8d5d2dc3e744b8"},
    {file = "pandas-2.3.1-cp313-cp313-macosx_10_13_x86_64.whl", hash = "sha256:9026bd4a80108fac2239294a15ef9003c4ee191a0f64b90f170b40cfb7cf2d22"},
    {file = "pandas-2.3.1-cp313-cp313-macosx_11_0_arm64.whl", hash = "sha256:6de8547d4fdb12421e2d047a2c446c623ff4c11f47fddb6b9169eb98ffba485a"},
    {file = "pandas-2.3.1-cp313-cp313-manylinux_2_17_aarch64.manylinux2014_aarch64.whl", hash = "sha256:782647ddc63c83133b2506912cc6b108140a38a37292102aaa19c81c83db2928"},
    {file = "pandas-2.3.1-cp313-cp313-manylinux_2_17_x86_64.manylinux2014_x86_64.whl", hash = "sha256:2ba6aff74075311fc88504b1db890187a3cd0f887a5b10f5525f8e2ef55bfdb9"},
    {file = "pandas-2.3.1-cp313-cp313-musllinux_1_2_aarch64.whl", hash = "sha256:e5635178b387bd2ba4ac040f82bc2ef6e6b500483975c4ebacd34bec945fda12"},
    {file = "pandas-2.3.1-cp313-cp313-musllinux_1_2_x86_64.whl", hash = "sha256:6f3bf5ec947526106399a9e1d26d40ee2b259c66422efdf4de63c848492d91bb"},
    {file = "pandas-2.3.1-cp313-cp313-win_amd64.whl", hash = "sha256:1c78cf43c8fde236342a1cb2c34bcff89564a7bfed7e474ed2fffa6aed03a956"},
    {file = "pandas-2.3.1-cp313-cp313t-macosx_10_13_x86_64.whl", hash = "sha256:8dfc17328e8da77be3cf9f47509e5637ba8f137148ed0e9b5241e1baf526e20a"},
    {file = "pandas-2.3.1-cp313-cp313t-macosx_11_0_arm64.whl", hash = "sha256:ec6c851509364c59a5344458ab935e6451b31b818be467eb24b0fe89bd05b6b9"},
    {file = "pandas-2.3.1-cp313-cp313t-manylinux_2_17_aarch64.manylinux2014_aarch64.whl", hash = "sha256:911580460fc4884d9b05254b38a6bfadddfcc6aaef856fb5859e7ca202e45275"},
    {file = "pandas-2.3.1-cp313-cp313t-manylinux_2_17_x86_64.manylinux2014_x86_64.whl", hash = "sha256:2f4d6feeba91744872a600e6edbbd5b033005b431d5ae8379abee5bcfa479fab"},
    {file = "pandas-2.3.1-cp313-cp313t-musllinux_1_2_aarch64.whl", hash = "sha256:fe37e757f462d31a9cd7580236a82f353f5713a80e059a29753cf938c6775d96"},
    {file = "pandas-2.3.1-cp313-cp313t-musllinux_1_2_x86_64.whl", hash = "sha256:5db9637dbc24b631ff3707269ae4559bce4b7fd75c1c4d7e13f40edc42df4444"},
    {file = "pandas-2.3.1-cp39-cp39-macosx_10_9_x86_64.whl", hash = "sha256:4645f770f98d656f11c69e81aeb21c6fca076a44bed3dcbb9396a4311bc7f6d8"},
    {file = "pandas-2.3.1-cp39-cp39-macosx_11_0_arm64.whl", hash = "sha256:342e59589cc454aaff7484d75b816a433350b3d7964d7847327edda4d532a2e3"},
    {file = "pandas-2.3.1-cp39-cp39-manylinux_2_17_aarch64.manylinux2014_aarch64.whl", hash = "sha256:1d12f618d80379fde6af007f65f0c25bd3e40251dbd1636480dfffce2cf1e6da"},
    {file = "pandas-2.3.1-cp39-cp39-manylinux_2_17_x86_64.manylinux2014_x86_64.whl", hash = "sha256:dd71c47a911da120d72ef173aeac0bf5241423f9bfea57320110a978457e069e"},
    {file = "pandas-2.3.1-cp39-cp39-musllinux_1_2_aarch64.whl", hash = "sha256:09e3b1587f0f3b0913e21e8b32c3119174551deb4a4eba4a89bc7377947977e7"},
    {file = "pandas-2.3.1-cp39-cp39-musllinux_1_2_x86_64.whl", hash = "sha256:2323294c73ed50f612f67e2bf3ae45aea04dce5690778e08a09391897f35ff88"},
    {file = "pandas-2.3.1-cp39-cp39-win_amd64.whl", hash = "sha256:b4b0de34dc8499c2db34000ef8baad684cfa4cbd836ecee05f323ebfba348c7d"},
    {file = "pandas-2.3.1.tar.gz", hash = "sha256:0a95b9ac964fe83ce317827f80304d37388ea77616b1425f0ae41c9d2d0d7bb2"},
]

[package.dependencies]
numpy = [
    {version = ">=1.23.2", markers = "python_version == \"3.11\""},
    {version = ">=1.26.0", markers = "python_version >= \"3.12\""},
]
python-dateutil = ">=2.8.2"
pytz = ">=2020.1"
tzdata = ">=2022.7"

[package.extras]
all = ["PyQt5 (>=5.15.9)", "SQLAlchemy (>=2.0.0)", "adbc-driver-postgresql (>=0.8.0)", "adbc-driver-sqlite (>=0.8.0)", "beautifulsoup4 (>=4.11.2)", "bottleneck (>=1.3.6)", "dataframe-api-compat (>=0.1.7)", "fastparquet (>=2022.12.0)", "fsspec (>=2022.11.0)", "gcsfs (>=2022.11.0)", "html5lib (>=1.1)", "hypothesis (>=6.46.1)", "jinja2 (>=3.1.2)", "lxml (>=4.9.2)", "matplotlib (>=3.6.3)", "numba (>=0.56.4)", "numexpr (>=2.8.4)", "odfpy (>=1.4.1)", "openpyxl (>=3.1.0)", "pandas-gbq (>=0.19.0)", "psycopg2 (>=2.9.6)", "pyarrow (>=10.0.1)", "pymysql (>=1.0.2)", "pyreadstat (>=1.2.0)", "pytest (>=7.3.2)", "pytest-xdist (>=2.2.0)", "python-calamine (>=0.1.7)", "pyxlsb (>=1.0.10)", "qtpy (>=2.3.0)", "s3fs (>=2022.11.0)", "scipy (>=1.10.0)", "tables (>=3.8.0)", "tabulate (>=0.9.0)", "xarray (>=2022.12.0)", "xlrd (>=2.0.1)", "xlsxwriter (>=3.0.5)", "zstandard (>=0.19.0)"]
aws = ["s3fs (>=2022.11.0)"]
clipboard = ["PyQt5 (>=5.15.9)", "qtpy (>=2.3.0)"]
compression = ["zstandard (>=0.19.0)"]
computation = ["scipy (>=1.10.0)", "xarray (>=2022.12.0)"]
consortium-standard = ["dataframe-api-compat (>=0.1.7)"]
excel = ["odfpy (>=1.4.1)", "openpyxl (>=3.1.0)", "python-calamine (>=0.1.7)", "pyxlsb (>=1.0.10)", "xlrd (>=2.0.1)", "xlsxwriter (>=3.0.5)"]
feather = ["pyarrow (>=10.0.1)"]
fss = ["fsspec (>=2022.11.0)"]
gcp = ["gcsfs (>=2022.11.0)", "pandas-gbq (>=0.19.0)"]
hdf5 = ["tables (>=3.8.0)"]
html = ["beautifulsoup4 (>=4.11.2)", "html5lib (>=1.1)", "lxml (>=4.9.2)"]
mysql = ["SQLAlchemy (>=2.0.0)", "pymysql (>=1.0.2)"]
output-formatting = ["jinja2 (>=3.1.2)", "tabulate (>=0.9.0)"]
parquet = ["pyarrow (>=10.0.1)"]
performance = ["bottleneck (>=1.3.6)", "numba (>=0.56.4)", "numexpr (>=2.8.4)"]
plot = ["matplotlib (>=3.6.3)"]
postgresql = ["SQLAlchemy (>=2.0.0)", "adbc-driver-postgresql (>=0.8.0)", "psycopg2 (>=2.9.6)"]
pyarrow = ["pyarrow (>=10.0.1)"]
spss = ["pyreadstat (>=1.2.0)"]
sql-other = ["SQLAlchemy (>=2.0.0)", "adbc-driver-postgresql (>=0.8.0)", "adbc-driver-sqlite (>=0.8.0)"]
test = ["hypothesis (>=6.46.1)", "pytest (>=7.3.2)", "pytest-xdist (>=2.2.0)"]
xml = ["lxml (>=4.9.2)"]

[[package]]
name = "pluggy"
version = "1.6.0"
description = "plugin and hook calling mechanisms for python"
optional = false
python-versions = ">=3.9"
groups = ["main"]
files = [
    {file = "pluggy-1.6.0-py3-none-any.whl", hash = "sha256:e920276dd6813095e9377c0bc5566d94c932c33b27a3e3945d8389c374dd4746"},
    {file = "pluggy-1.6.0.tar.gz", hash = "sha256:7dcc130b76258d33b90f61b658791dede3486c3e6bfb003ee5c9bfb396dd22f3"},
]

[package.extras]
dev = ["pre-commit", "tox"]
testing = ["coverage", "pytest", "pytest-benchmark"]

[[package]]
name = "preflibtools"
version = "2.0.33"
description = "A set of tools to work with preference data from the PrefLib.org website."
optional = false
python-versions = ">=3.7"
groups = ["main"]
files = [
    {file = "preflibtools-2.0.33-py3-none-any.whl", hash = "sha256:59c8a5c4d7de9a698f4cc349aad74ee121db6df44ed563bbc32d90ef54778d01"},
    {file = "preflibtools-2.0.33.tar.gz", hash = "sha256:949cfc2857fe4fce8d402615281ac0c9ca68e6546d473527fa610698fb89951f"},
]

[package.dependencies]
numpy = "*"
prefsampling = ">=0.1.7"
pulp = "*"

[package.extras]
dev = ["Sphinx", "coverage", "pytest", "sphinx_rtd_theme"]

[[package]]
name = "prefsampling"
version = "0.1.24"
description = "Algorithms to sample preferences of all kinds."
optional = false
python-versions = ">=3.7"
groups = ["main"]
files = [
    {file = "prefsampling-0.1.24-py3-none-any.whl", hash = "sha256:d416b08d7c093c9613334054bc96f39d224fdb951880e21eee3ff2599bc9d1c0"},
    {file = "prefsampling-0.1.24.tar.gz", hash = "sha256:b281fe51c408e59cae27ff89ba913d306510c21bbe504f57cbac19917943fb13"},
]

[package.dependencies]
numpy = "*"

[package.extras]
dev = ["Sphinx", "coverage", "matplotlib", "pandas", "scipy", "seaborn", "sphinx-book-theme", "sphinxcontrib-napoleon", "unittest2"]

[[package]]
name = "pulp"
version = "2.9.0"
description = "PuLP is an LP modeler written in python. PuLP can generate MPS or LP files and call GLPK, COIN CLP/CBC, CPLEX, and GUROBI to solve linear problems."
optional = false
python-versions = ">=3.7"
groups = ["main"]
files = [
    {file = "PuLP-2.9.0-py3-none-any.whl", hash = "sha256:ad6a9b566d8458f4d05f4bfe2cea59e32885dd1da6929a361be579222107987c"},
    {file = "pulp-2.9.0.tar.gz", hash = "sha256:2e30e6c0ef2c0edac185220e3e53faca62eb786a9bd68465208f05bc63e850f3"},
]

[[package]]
name = "pygments"
version = "2.19.2"
description = "Pygments is a syntax highlighting package written in Python."
optional = false
python-versions = ">=3.8"
groups = ["main"]
files = [
    {file = "pygments-2.19.2-py3-none-any.whl", hash = "sha256:86540386c03d588bb81d44bc3928634ff26449851e99741617ecb9037ee5ec0b"},
    {file = "pygments-2.19.2.tar.gz", hash = "sha256:636cb2477cec7f8952536970bc533bc43743542f70392ae026374600add5b887"},
]

[package.extras]
windows-terminal = ["colorama (>=0.4.6)"]

[[package]]
name = "pytest"
version = "8.4.1"
description = "pytest: simple powerful testing with Python"
optional = false
python-versions = ">=3.9"
groups = ["main"]
files = [
    {file = "pytest-8.4.1-py3-none-any.whl", hash = "sha256:539c70ba6fcead8e78eebbf1115e8b589e7565830d7d006a8723f19ac8a0afb7"},
    {file = "pytest-8.4.1.tar.gz", hash = "sha256:7c67fd69174877359ed9371ec3af8a3d2b04741818c51e5e99cc1742251fa93c"},
]

[package.dependencies]
colorama = {version = ">=0.4", markers = "sys_platform == \"win32\""}
iniconfig = ">=1"
packaging = ">=20"
pluggy = ">=1.5,<2"
pygments = ">=2.7.2"

[package.extras]
dev = ["argcomplete", "attrs (>=19.2)", "hypothesis (>=3.56)", "mock", "requests", "setuptools", "xmlschema"]

[[package]]
name = "python-dateutil"
version = "2.9.0.post0"
description = "Extensions to the standard Python datetime module"
optional = false
python-versions = "!=3.0.*,!=3.1.*,!=3.2.*,>=2.7"
groups = ["main"]
files = [
    {file = "python-dateutil-2.9.0.post0.tar.gz", hash = "sha256:37dd54208da7e1cd875388217d5e00ebd4179249f90fb72437e91a35459a0ad3"},
    {file = "python_dateutil-2.9.0.post0-py2.py3-none-any.whl", hash = "sha256:a8b2bc7bffae282281c8140a97d3aa9c14da0b136dfe83f850eea9a5f7470427"},
]

[package.dependencies]
six = ">=1.5"

[[package]]
name = "pytz"
version = "2025.2"
description = "World timezone definitions, modern and historical"
optional = false
python-versions = "*"
groups = ["main"]
files = [
    {file = "pytz-2025.2-py2.py3-none-any.whl", hash = "sha256:5ddf76296dd8c44c26eb8f4b6f35488f3ccbf6fbbd7adee0b7262d43f0ec2f00"},
    {file = "pytz-2025.2.tar.gz", hash = "sha256:360b9e3dbb49a209c21ad61809c7fb453643e048b38924c765813546746e81c3"},
]

[[package]]
name = "six"
version = "1.17.0"
description = "Python 2 and 3 compatibility utilities"
optional = false
python-versions = "!=3.0.*,!=3.1.*,!=3.2.*,>=2.7"
groups = ["main"]
files = [
    {file = "six-1.17.0-py2.py3-none-any.whl", hash = "sha256:4721f391ed90541fddacab5acf947aa0d3dc7d27b2e1e8eda2be8970586c3274"},
    {file = "six-1.17.0.tar.gz", hash = "sha256:ff70335d468e7eb6ec65b95b99d3a2836546063f63acc5171de367e834932a81"},
]

[[package]]
name = "tabulate"
version = "0.9.0"
description = "Pretty-print tabular data"
optional = false
python-versions = ">=3.7"
groups = ["main"]
files = [
    {file = "tabulate-0.9.0-py3-none-any.whl", hash = "sha256:024ca478df22e9340661486f85298cff5f6dcdba14f3813e8830015b9ed1948f"},
    {file = "tabulate-0.9.0.tar.gz", hash = "sha256:0095b12bf5966de529c0feb1fa08671671b3368eec77d7ef7ab114be2c068b3c"},
]

[package.extras]
widechars = ["wcwidth"]

[[package]]
name = "tzdata"
version = "2025.2"
description = "Provider of IANA time zone data"
optional = false
python-versions = ">=2"
groups = ["main"]
files = [
    {file = "tzdata-2025.2-py2.py3-none-any.whl", hash = "sha256:1a403fada01ff9221ca8044d701868fa132215d84beb92242d9acd2147f667a8"},
    {file = "tzdata-2025.2.tar.gz", hash = "sha256:b60a638fcc0daffadf82fe0f57e53d06bdec2f36c4df66280ae79bce6bd6f2b9"},
]

[metadata]
lock-version = "2.1"
python-versions = ">=3.11,<3.13"
content-hash = "464a359212ba0ed7fd0cdea49c79974263a5e92463b125e27fab45368c6327ab"
